PODS:
  - GKNavigationBar (1.1.8)
  - GKNavigationBarSwift (1.1.8)
  - JXCategoryView (1.5.7)
  - JXSegmentedView (1.2.7)
  - Masonry (1.1.0)
  - MJRefresh (3.5.0)
  - SnapKit (4.2.0)
  - VTMagic (1.2.4):
    - VTMagic/Core (= 1.2.4)
  - VTMagic/Core (1.2.4)
  - WMPageController (2.5.2)

DEPENDENCIES:
  - GKNavigationBar
  - GKNavigationBarSwift
  - JXCategoryView
  - JXSegmentedView
  - Masonry
  - MJRefresh
  - SnapKit
  - VTMagic
  - WMPageController

SPEC REPOS:
  trunk:
    - GKNavigationBar
    - GKNavigationBarSwift
    - JXCategoryView
    - JXSegmentedView
    - Masonry
    - MJRefresh
    - SnapKit
    - VTMagic
    - WMPageController

SPEC CHECKSUMS:
  GKNavigationBar: b68d31d24fc14a297b109e71280187dc311e0794
  GKNavigationBarSwift: 7e6441b23dc6ea6ff08962de7a8f1c0d702383f4
  JXCategoryView: fca2146e87eeaf014c71041337cb07bd4de5830b
  JXSegmentedView: eb1cad21f57c2543c00c3e08b8fd3c7ca54f5acd
  Masonry: 678fab65091a9290e40e2832a55e7ab731aad201
  MJRefresh: 6afc955813966afb08305477dd7a0d9ad5e79a16
  SnapKit: fe8a619752f3f27075cc9a90244d75c6c3f27e2a
  VTMagic: b49e5f456dbcbfd9a3588ba92417233a105bc193
  WMPageController: 0c7624d2b48e4f1ab92371688cf6744ed701575d

PODFILE CHECKSUM: 01122e12a1421b310560da259a895d7690ef3dad

COCOAPODS: 1.10.0.beta.2
