PODS:
  - GKNavigationBar (1.3.9):
    - GKNavigationBar/GestureHandle (= 1.3.9)
    - GKNavigationBar/NavigationBar (= 1.3.9)
  - GKNavigationBar/GestureHandle (1.3.9)
  - GKNavigationBar/NavigationBar (1.3.9)
  - GKNavigationBarSwift (1.3.0)
  - GKPageScrollView (1.5.0):
    - GKPageScrollView/Objc (= 1.5.0)
  - GKPageScrollView/Objc (1.5.0)
  - GKPageScrollView/Swift (1.5.0)
  - GKPageSmoothView (1.5.0):
    - GKPageSmoothView/Objc (= 1.5.0)
  - GKPageSmoothView/Objc (1.5.0)
  - GKPageSmoothView/Swift (1.5.0)
  - JXCategoryView (1.5.8)
  - JXSegmentedView (1.2.7)
  - Masonry (1.1.0)
  - MJRefresh (3.5.0)
  - SnapKit (4.2.0)
  - VTMagic (1.2.4):
    - VTMagic/Core (= 1.2.4)
  - VTMagic/Core (1.2.4)
  - WMPageController (2.5.2)

DEPENDENCIES:
  - GKNavigationBar
  - GKNavigationBarSwift
  - GKPageScrollView (from `../GKPageScrollView`)
  - GKPageScrollView/Swift (from `../GKPageScrollView`)
  - GKPageSmoothView (from `../GKPageScrollView`)
  - GKPageSmoothView/Swift (from `../GKPageScrollView`)
  - JXCategoryView
  - JXSegmentedView
  - Masonry
  - MJRefresh
  - SnapKit
  - VTMagic
  - WMPageController

SPEC REPOS:
  trunk:
    - GKNavigationBar
    - GKNavigationBarSwift
    - JXCategoryView
    - JXSegmentedView
    - Masonry
    - MJRefresh
    - SnapKit
    - VTMagic
    - WMPageController

EXTERNAL SOURCES:
  GKPageScrollView:
    :path: "../GKPageScrollView"
  GKPageSmoothView:
    :path: "../GKPageScrollView"

SPEC CHECKSUMS:
  GKNavigationBar: 768a197744a3283f1d247f0cf19cdb75baf0186f
  GKNavigationBarSwift: 9ac74f78eb0b348666bde00b06f80ea22697efba
  GKPageScrollView: 0dc922e95d8f0932e02327b3e33f7ee4811b1d65
  GKPageSmoothView: 1dbf0a42c971e5bc8c8900c9c5c3c85cf3309a6d
  JXCategoryView: 778a620f76070d6598fd8d7239991b8da8326170
  JXSegmentedView: eb1cad21f57c2543c00c3e08b8fd3c7ca54f5acd
  Masonry: 678fab65091a9290e40e2832a55e7ab731aad201
  MJRefresh: 6afc955813966afb08305477dd7a0d9ad5e79a16
  SnapKit: fe8a619752f3f27075cc9a90244d75c6c3f27e2a
  VTMagic: b49e5f456dbcbfd9a3588ba92417233a105bc193
  WMPageController: 0c7624d2b48e4f1ab92371688cf6744ed701575d

PODFILE CHECKSUM: 751ced6479ccb095c13ebf87888a3a63cfd1cf43

COCOAPODS: 1.10.0
