// !$*UTF8*$!
{
	archiveVersion = 1;
	classes = {
	};
	objectVersion = 51;
	objects = {

/* Begin PBXBuildFile section */
		6004DC662341D20800248558 /* GKNest1ViewController.m in Sources */ = {isa = PBXBuildFile; fileRef = 6004DC652341D20800248558 /* GKNest1ViewController.m */; };
		6004DC692341D21400248558 /* GKNestView.m in Sources */ = {isa = PBXBuildFile; fileRef = 6004DC682341D21400248558 /* GKNestView.m */; };
		6004DC6C2341D21E00248558 /* GKNestListView.m in Sources */ = {isa = PBXBuildFile; fileRef = 6004DC6B2341D21E00248558 /* GKNestListView.m */; };
		6004DC6D2341E15900248558 /* GKPageScrollView.m in Sources */ = {isa = PBXBuildFile; fileRef = 79142FA723214D06009F16E7 /* GKPageScrollView.m */; };
		6004DC6E2341E15900248558 /* GKPageTableView.m in Sources */ = {isa = PBXBuildFile; fileRef = 79142FAA23214D06009F16E7 /* GKPageTableView.m */; };
		6004DC6F2341E15900248558 /* GKPageListContainerView.m in Sources */ = {isa = PBXBuildFile; fileRef = 79142FA623214D06009F16E7 /* GKPageListContainerView.m */; };
		6008911D22A0BC5E002A6D52 /* GKHeaderScrollViewController.m in Sources */ = {isa = PBXBuildFile; fileRef = 6008911C22A0BC5E002A6D52 /* GKHeaderScrollViewController.m */; };
		6008912022A0BC89002A6D52 /* GKHeaderScrollView.m in Sources */ = {isa = PBXBuildFile; fileRef = 6008911F22A0BC89002A6D52 /* GKHeaderScrollView.m */; };
		601482522238AB7500723BA3 /* GKListLoadViewController.m in Sources */ = {isa = PBXBuildFile; fileRef = 601482512238AB7500723BA3 /* GKListLoadViewController.m */; };
		6021DF0022DC79AA00F4714E /* GKTestListCollectionView.m in Sources */ = {isa = PBXBuildFile; fileRef = 6021DEFF22DC79AA00F4714E /* GKTestListCollectionView.m */; };
		60253560235D952800077962 /* GKNestScrollView.m in Sources */ = {isa = PBXBuildFile; fileRef = 6025355F235D952800077962 /* GKNestScrollView.m */; };
		6033D06A235D5A54003C48BB /* GKNest2ViewController.m in Sources */ = {isa = PBXBuildFile; fileRef = 6033D069235D5A54003C48BB /* GKNest2ViewController.m */; };
		6033D06D235D5B33003C48BB /* GKNest2View.m in Sources */ = {isa = PBXBuildFile; fileRef = 6033D06C235D5B33003C48BB /* GKNest2View.m */; };
		6036C3D622438C47000BE576 /* GKItemLoadViewController.m in Sources */ = {isa = PBXBuildFile; fileRef = 6036C3D522438C47000BE576 /* GKItemLoadViewController.m */; };
		6050ED9D2362BE99008A30A0 /* GKTestHeaderView.m in Sources */ = {isa = PBXBuildFile; fileRef = 6050ED9C2362BE99008A30A0 /* GKTestHeaderView.m */; };
		605A579C226844A2000265F5 /* GKTestScrollView.m in Sources */ = {isa = PBXBuildFile; fileRef = 605A579B226844A2000265F5 /* GKTestScrollView.m */; };
		6099CDC022B64F13005098EE /* GKTestListScrollView.m in Sources */ = {isa = PBXBuildFile; fileRef = 6099CDBF22B64F13005098EE /* GKTestListScrollView.m */; };
		60A20A93221CFF8400DB2193 /* AppDelegate.m in Sources */ = {isa = PBXBuildFile; fileRef = 60A20A92221CFF8400DB2193 /* AppDelegate.m */; };
		60A20A96221CFF8400DB2193 /* ViewController.m in Sources */ = {isa = PBXBuildFile; fileRef = 60A20A95221CFF8400DB2193 /* ViewController.m */; };
		60A20A99221CFF8400DB2193 /* Main.storyboard in Resources */ = {isa = PBXBuildFile; fileRef = 60A20A97221CFF8400DB2193 /* Main.storyboard */; };
		60A20A9B221CFF8500DB2193 /* Assets.xcassets in Resources */ = {isa = PBXBuildFile; fileRef = 60A20A9A221CFF8500DB2193 /* Assets.xcassets */; };
		60A20A9E221CFF8500DB2193 /* LaunchScreen.storyboard in Resources */ = {isa = PBXBuildFile; fileRef = 60A20A9C221CFF8500DB2193 /* LaunchScreen.storyboard */; };
		60A20AA1221CFF8500DB2193 /* main.m in Sources */ = {isa = PBXBuildFile; fileRef = 60A20AA0221CFF8500DB2193 /* main.m */; };
		60A20B41221D023900DB2193 /* GKTestListView.m in Sources */ = {isa = PBXBuildFile; fileRef = 60A20ACC221D023800DB2193 /* GKTestListView.m */; };
		60A20B42221D023900DB2193 /* GKTestViewController.m in Sources */ = {isa = PBXBuildFile; fileRef = 60A20ACD221D023800DB2193 /* GKTestViewController.m */; };
		60A20B43221D023900DB2193 /* GKWYListViewController.m in Sources */ = {isa = PBXBuildFile; fileRef = 60A20AD2221D023800DB2193 /* GKWYListViewController.m */; };
		60A20B44221D023900DB2193 /* GKWYHeaderView.m in Sources */ = {isa = PBXBuildFile; fileRef = 60A20AD4221D023800DB2193 /* GKWYHeaderView.m */; };
		60A20B45221D023900DB2193 /* GKWYViewController.m in Sources */ = {isa = PBXBuildFile; fileRef = 60A20AD6221D023800DB2193 /* GKWYViewController.m */; };
		60A20B46221D023900DB2193 /* GKWBListViewController.m in Sources */ = {isa = PBXBuildFile; fileRef = 60A20AD9221D023800DB2193 /* GKWBListViewController.m */; };
		60A20B47221D023900DB2193 /* GKWBHeaderView.m in Sources */ = {isa = PBXBuildFile; fileRef = 60A20ADA221D023800DB2193 /* GKWBHeaderView.m */; };
		60A20B48221D023900DB2193 /* GKWBPageViewController.m in Sources */ = {isa = PBXBuildFile; fileRef = 60A20ADB221D023800DB2193 /* GKWBPageViewController.m */; };
		60A20B49221D023900DB2193 /* GKWBViewController.m in Sources */ = {isa = PBXBuildFile; fileRef = 60A20ADD221D023800DB2193 /* GKWBViewController.m */; };
		60A20B4A221D023900DB2193 /* GKListRefreshViewController.m in Sources */ = {isa = PBXBuildFile; fileRef = 60A20AE1221D023800DB2193 /* GKListRefreshViewController.m */; };
		60A20B4B221D023900DB2193 /* GKMainRefreshViewController.m in Sources */ = {isa = PBXBuildFile; fileRef = 60A20AE4221D023800DB2193 /* GKMainRefreshViewController.m */; };
		60A20B4C221D023900DB2193 /* GKBasePageViewController.m in Sources */ = {isa = PBXBuildFile; fileRef = 60A20AEB221D023800DB2193 /* GKBasePageViewController.m */; };
		60A20B4D221D023900DB2193 /* GKDemoBaseViewController.m in Sources */ = {isa = PBXBuildFile; fileRef = 60A20AEC221D023800DB2193 /* GKDemoBaseViewController.m */; };
		60A20B4E221D023900DB2193 /* GKBaseTableViewController.m in Sources */ = {isa = PBXBuildFile; fileRef = 60A20AED221D023800DB2193 /* GKBaseTableViewController.m */; };
		60A20B4F221D023900DB2193 /* GKBaseListViewController.m in Sources */ = {isa = PBXBuildFile; fileRef = 60A20AEE221D023800DB2193 /* GKBaseListViewController.m */; };
		60A20B50221D023900DB2193 /* GKDYViewController.m in Sources */ = {isa = PBXBuildFile; fileRef = 60A20AF0221D023800DB2193 /* GKDYViewController.m */; };
		60A20B51221D023900DB2193 /* GKDYListViewController.m in Sources */ = {isa = PBXBuildFile; fileRef = 60A20AF4221D023800DB2193 /* GKDYListViewController.m */; };
		60A20B52221D023900DB2193 /* GKDYHeaderView.m in Sources */ = {isa = PBXBuildFile; fileRef = 60A20AF5221D023800DB2193 /* GKDYHeaderView.m */; };
		60A20D4E2225225400DB2193 /* GKWBFindViewController.m in Sources */ = {isa = PBXBuildFile; fileRef = 60A20D4C2225225100DB2193 /* GKWBFindViewController.m */; };
		60B2CECC23CEB4AF00D57911 /* GKTestListViewController.m in Sources */ = {isa = PBXBuildFile; fileRef = 60B2CECB23CEB4AF00D57911 /* GKTestListViewController.m */; };
		60F0C51122A91A9E0092CE79 /* GKVTMagicViewController.m in Sources */ = {isa = PBXBuildFile; fileRef = 60F0C51022A91A9E0092CE79 /* GKVTMagicViewController.m */; };
		79C48BB7243AF944000B0815 /* GKPageScrollView.podspec in Resources */ = {isa = PBXBuildFile; fileRef = 79C48BB6243AF943000B0815 /* GKPageScrollView.podspec */; };
		EEB3B8E667A420C2B1527D6C /* libPods-GKPageScrollViewObjc.a in Frameworks */ = {isa = PBXBuildFile; fileRef = E7F6BEA1D8BA4A2D94EE2D7E /* libPods-GKPageScrollViewObjc.a */; };
/* End PBXBuildFile section */

/* Begin PBXContainerItemProxy section */
		60A20AA7221CFF8500DB2193 /* PBXContainerItemProxy */ = {
			isa = PBXContainerItemProxy;
			containerPortal = 60A20A86221CFF8400DB2193 /* Project object */;
			proxyType = 1;
			remoteGlobalIDString = 60A20A8D221CFF8400DB2193;
			remoteInfo = GKPageScrollViewObjc;
		};
		60A20AB2221CFF8500DB2193 /* PBXContainerItemProxy */ = {
			isa = PBXContainerItemProxy;
			containerPortal = 60A20A86221CFF8400DB2193 /* Project object */;
			proxyType = 1;
			remoteGlobalIDString = 60A20A8D221CFF8400DB2193;
			remoteInfo = GKPageScrollViewObjc;
		};
/* End PBXContainerItemProxy section */

/* Begin PBXFileReference section */
		4386C749590B58507E131C37 /* Pods-GKPageScrollViewObjc.release.xcconfig */ = {isa = PBXFileReference; includeInIndex = 1; lastKnownFileType = text.xcconfig; name = "Pods-GKPageScrollViewObjc.release.xcconfig"; path = "Target Support Files/Pods-GKPageScrollViewObjc/Pods-GKPageScrollViewObjc.release.xcconfig"; sourceTree = "<group>"; };
		6004DC642341D20800248558 /* GKNest1ViewController.h */ = {isa = PBXFileReference; lastKnownFileType = sourcecode.c.h; path = GKNest1ViewController.h; sourceTree = "<group>"; };
		6004DC652341D20800248558 /* GKNest1ViewController.m */ = {isa = PBXFileReference; lastKnownFileType = sourcecode.c.objc; path = GKNest1ViewController.m; sourceTree = "<group>"; };
		6004DC672341D21400248558 /* GKNestView.h */ = {isa = PBXFileReference; lastKnownFileType = sourcecode.c.h; path = GKNestView.h; sourceTree = "<group>"; };
		6004DC682341D21400248558 /* GKNestView.m */ = {isa = PBXFileReference; lastKnownFileType = sourcecode.c.objc; path = GKNestView.m; sourceTree = "<group>"; };
		6004DC6A2341D21E00248558 /* GKNestListView.h */ = {isa = PBXFileReference; lastKnownFileType = sourcecode.c.h; path = GKNestListView.h; sourceTree = "<group>"; };
		6004DC6B2341D21E00248558 /* GKNestListView.m */ = {isa = PBXFileReference; lastKnownFileType = sourcecode.c.objc; path = GKNestListView.m; sourceTree = "<group>"; };
		6008911B22A0BC5E002A6D52 /* GKHeaderScrollViewController.h */ = {isa = PBXFileReference; lastKnownFileType = sourcecode.c.h; path = GKHeaderScrollViewController.h; sourceTree = "<group>"; };
		6008911C22A0BC5E002A6D52 /* GKHeaderScrollViewController.m */ = {isa = PBXFileReference; lastKnownFileType = sourcecode.c.objc; path = GKHeaderScrollViewController.m; sourceTree = "<group>"; };
		6008911E22A0BC89002A6D52 /* GKHeaderScrollView.h */ = {isa = PBXFileReference; lastKnownFileType = sourcecode.c.h; path = GKHeaderScrollView.h; sourceTree = "<group>"; };
		6008911F22A0BC89002A6D52 /* GKHeaderScrollView.m */ = {isa = PBXFileReference; lastKnownFileType = sourcecode.c.objc; path = GKHeaderScrollView.m; sourceTree = "<group>"; };
		601482502238AB7500723BA3 /* GKListLoadViewController.h */ = {isa = PBXFileReference; lastKnownFileType = sourcecode.c.h; path = GKListLoadViewController.h; sourceTree = "<group>"; };
		601482512238AB7500723BA3 /* GKListLoadViewController.m */ = {isa = PBXFileReference; lastKnownFileType = sourcecode.c.objc; path = GKListLoadViewController.m; sourceTree = "<group>"; };
		6021DEFE22DC79AA00F4714E /* GKTestListCollectionView.h */ = {isa = PBXFileReference; lastKnownFileType = sourcecode.c.h; path = GKTestListCollectionView.h; sourceTree = "<group>"; };
		6021DEFF22DC79AA00F4714E /* GKTestListCollectionView.m */ = {isa = PBXFileReference; lastKnownFileType = sourcecode.c.objc; path = GKTestListCollectionView.m; sourceTree = "<group>"; };
		6025355E235D952800077962 /* GKNestScrollView.h */ = {isa = PBXFileReference; lastKnownFileType = sourcecode.c.h; path = GKNestScrollView.h; sourceTree = "<group>"; };
		6025355F235D952800077962 /* GKNestScrollView.m */ = {isa = PBXFileReference; lastKnownFileType = sourcecode.c.objc; path = GKNestScrollView.m; sourceTree = "<group>"; };
		6033D068235D5A54003C48BB /* GKNest2ViewController.h */ = {isa = PBXFileReference; lastKnownFileType = sourcecode.c.h; path = GKNest2ViewController.h; sourceTree = "<group>"; };
		6033D069235D5A54003C48BB /* GKNest2ViewController.m */ = {isa = PBXFileReference; lastKnownFileType = sourcecode.c.objc; path = GKNest2ViewController.m; sourceTree = "<group>"; };
		6033D06B235D5B33003C48BB /* GKNest2View.h */ = {isa = PBXFileReference; lastKnownFileType = sourcecode.c.h; path = GKNest2View.h; sourceTree = "<group>"; };
		6033D06C235D5B33003C48BB /* GKNest2View.m */ = {isa = PBXFileReference; lastKnownFileType = sourcecode.c.objc; path = GKNest2View.m; sourceTree = "<group>"; };
		6036C3D422438C47000BE576 /* GKItemLoadViewController.h */ = {isa = PBXFileReference; lastKnownFileType = sourcecode.c.h; path = GKItemLoadViewController.h; sourceTree = "<group>"; };
		6036C3D522438C47000BE576 /* GKItemLoadViewController.m */ = {isa = PBXFileReference; lastKnownFileType = sourcecode.c.objc; path = GKItemLoadViewController.m; sourceTree = "<group>"; };
		6050ED9B2362BE99008A30A0 /* GKTestHeaderView.h */ = {isa = PBXFileReference; lastKnownFileType = sourcecode.c.h; path = GKTestHeaderView.h; sourceTree = "<group>"; };
		6050ED9C2362BE99008A30A0 /* GKTestHeaderView.m */ = {isa = PBXFileReference; lastKnownFileType = sourcecode.c.objc; path = GKTestHeaderView.m; sourceTree = "<group>"; };
		605A579A226844A2000265F5 /* GKTestScrollView.h */ = {isa = PBXFileReference; lastKnownFileType = sourcecode.c.h; path = GKTestScrollView.h; sourceTree = "<group>"; };
		605A579B226844A2000265F5 /* GKTestScrollView.m */ = {isa = PBXFileReference; lastKnownFileType = sourcecode.c.objc; path = GKTestScrollView.m; sourceTree = "<group>"; };
		6099CDBE22B64F13005098EE /* GKTestListScrollView.h */ = {isa = PBXFileReference; lastKnownFileType = sourcecode.c.h; path = GKTestListScrollView.h; sourceTree = "<group>"; };
		6099CDBF22B64F13005098EE /* GKTestListScrollView.m */ = {isa = PBXFileReference; lastKnownFileType = sourcecode.c.objc; path = GKTestListScrollView.m; sourceTree = "<group>"; };
		60A20A8E221CFF8400DB2193 /* GKPageScrollViewObjc.app */ = {isa = PBXFileReference; explicitFileType = wrapper.application; includeInIndex = 0; path = GKPageScrollViewObjc.app; sourceTree = BUILT_PRODUCTS_DIR; };
		60A20A91221CFF8400DB2193 /* AppDelegate.h */ = {isa = PBXFileReference; lastKnownFileType = sourcecode.c.h; path = AppDelegate.h; sourceTree = "<group>"; };
		60A20A92221CFF8400DB2193 /* AppDelegate.m */ = {isa = PBXFileReference; lastKnownFileType = sourcecode.c.objc; path = AppDelegate.m; sourceTree = "<group>"; };
		60A20A94221CFF8400DB2193 /* ViewController.h */ = {isa = PBXFileReference; lastKnownFileType = sourcecode.c.h; path = ViewController.h; sourceTree = "<group>"; };
		60A20A95221CFF8400DB2193 /* ViewController.m */ = {isa = PBXFileReference; lastKnownFileType = sourcecode.c.objc; path = ViewController.m; sourceTree = "<group>"; };
		60A20A98221CFF8400DB2193 /* Base */ = {isa = PBXFileReference; lastKnownFileType = file.storyboard; name = Base; path = Base.lproj/Main.storyboard; sourceTree = "<group>"; };
		60A20A9A221CFF8500DB2193 /* Assets.xcassets */ = {isa = PBXFileReference; lastKnownFileType = folder.assetcatalog; path = Assets.xcassets; sourceTree = "<group>"; };
		60A20A9D221CFF8500DB2193 /* Base */ = {isa = PBXFileReference; lastKnownFileType = file.storyboard; name = Base; path = Base.lproj/LaunchScreen.storyboard; sourceTree = "<group>"; };
		60A20A9F221CFF8500DB2193 /* Info.plist */ = {isa = PBXFileReference; lastKnownFileType = text.plist.xml; path = Info.plist; sourceTree = "<group>"; };
		60A20AA0221CFF8500DB2193 /* main.m */ = {isa = PBXFileReference; lastKnownFileType = sourcecode.c.objc; path = main.m; sourceTree = "<group>"; };
		60A20AA6221CFF8500DB2193 /* GKPageScrollViewObjcTests.xctest */ = {isa = PBXFileReference; explicitFileType = wrapper.cfbundle; includeInIndex = 0; path = GKPageScrollViewObjcTests.xctest; sourceTree = BUILT_PRODUCTS_DIR; };
		60A20AB1221CFF8500DB2193 /* GKPageScrollViewObjcUITests.xctest */ = {isa = PBXFileReference; explicitFileType = wrapper.cfbundle; includeInIndex = 0; path = GKPageScrollViewObjcUITests.xctest; sourceTree = BUILT_PRODUCTS_DIR; };
		60A20ACC221D023800DB2193 /* GKTestListView.m */ = {isa = PBXFileReference; fileEncoding = 4; lastKnownFileType = sourcecode.c.objc; path = GKTestListView.m; sourceTree = "<group>"; };
		60A20ACD221D023800DB2193 /* GKTestViewController.m */ = {isa = PBXFileReference; fileEncoding = 4; lastKnownFileType = sourcecode.c.objc; path = GKTestViewController.m; sourceTree = "<group>"; };
		60A20ACE221D023800DB2193 /* GKTestListView.h */ = {isa = PBXFileReference; fileEncoding = 4; lastKnownFileType = sourcecode.c.h; path = GKTestListView.h; sourceTree = "<group>"; };
		60A20ACF221D023800DB2193 /* GKTestViewController.h */ = {isa = PBXFileReference; fileEncoding = 4; lastKnownFileType = sourcecode.c.h; path = GKTestViewController.h; sourceTree = "<group>"; };
		60A20AD1221D023800DB2193 /* GKWYHeaderView.h */ = {isa = PBXFileReference; fileEncoding = 4; lastKnownFileType = sourcecode.c.h; path = GKWYHeaderView.h; sourceTree = "<group>"; };
		60A20AD2221D023800DB2193 /* GKWYListViewController.m */ = {isa = PBXFileReference; fileEncoding = 4; lastKnownFileType = sourcecode.c.objc; path = GKWYListViewController.m; sourceTree = "<group>"; };
		60A20AD3221D023800DB2193 /* GKWYViewController.h */ = {isa = PBXFileReference; fileEncoding = 4; lastKnownFileType = sourcecode.c.h; path = GKWYViewController.h; sourceTree = "<group>"; };
		60A20AD4221D023800DB2193 /* GKWYHeaderView.m */ = {isa = PBXFileReference; fileEncoding = 4; lastKnownFileType = sourcecode.c.objc; path = GKWYHeaderView.m; sourceTree = "<group>"; };
		60A20AD5221D023800DB2193 /* GKWYListViewController.h */ = {isa = PBXFileReference; fileEncoding = 4; lastKnownFileType = sourcecode.c.h; path = GKWYListViewController.h; sourceTree = "<group>"; };
		60A20AD6221D023800DB2193 /* GKWYViewController.m */ = {isa = PBXFileReference; fileEncoding = 4; lastKnownFileType = sourcecode.c.objc; path = GKWYViewController.m; sourceTree = "<group>"; };
		60A20AD8221D023800DB2193 /* GKWBViewController.h */ = {isa = PBXFileReference; fileEncoding = 4; lastKnownFileType = sourcecode.c.h; path = GKWBViewController.h; sourceTree = "<group>"; };
		60A20AD9221D023800DB2193 /* GKWBListViewController.m */ = {isa = PBXFileReference; fileEncoding = 4; lastKnownFileType = sourcecode.c.objc; path = GKWBListViewController.m; sourceTree = "<group>"; };
		60A20ADA221D023800DB2193 /* GKWBHeaderView.m */ = {isa = PBXFileReference; fileEncoding = 4; lastKnownFileType = sourcecode.c.objc; path = GKWBHeaderView.m; sourceTree = "<group>"; };
		60A20ADB221D023800DB2193 /* GKWBPageViewController.m */ = {isa = PBXFileReference; fileEncoding = 4; lastKnownFileType = sourcecode.c.objc; path = GKWBPageViewController.m; sourceTree = "<group>"; };
		60A20ADC221D023800DB2193 /* GKWBListViewController.h */ = {isa = PBXFileReference; fileEncoding = 4; lastKnownFileType = sourcecode.c.h; path = GKWBListViewController.h; sourceTree = "<group>"; };
		60A20ADD221D023800DB2193 /* GKWBViewController.m */ = {isa = PBXFileReference; fileEncoding = 4; lastKnownFileType = sourcecode.c.objc; path = GKWBViewController.m; sourceTree = "<group>"; };
		60A20ADE221D023800DB2193 /* GKWBPageViewController.h */ = {isa = PBXFileReference; fileEncoding = 4; lastKnownFileType = sourcecode.c.h; path = GKWBPageViewController.h; sourceTree = "<group>"; };
		60A20ADF221D023800DB2193 /* GKWBHeaderView.h */ = {isa = PBXFileReference; fileEncoding = 4; lastKnownFileType = sourcecode.c.h; path = GKWBHeaderView.h; sourceTree = "<group>"; };
		60A20AE1221D023800DB2193 /* GKListRefreshViewController.m */ = {isa = PBXFileReference; fileEncoding = 4; lastKnownFileType = sourcecode.c.objc; path = GKListRefreshViewController.m; sourceTree = "<group>"; };
		60A20AE2221D023800DB2193 /* GKListRefreshViewController.h */ = {isa = PBXFileReference; fileEncoding = 4; lastKnownFileType = sourcecode.c.h; path = GKListRefreshViewController.h; sourceTree = "<group>"; };
		60A20AE4221D023800DB2193 /* GKMainRefreshViewController.m */ = {isa = PBXFileReference; fileEncoding = 4; lastKnownFileType = sourcecode.c.objc; path = GKMainRefreshViewController.m; sourceTree = "<group>"; };
		60A20AE5221D023800DB2193 /* GKMainRefreshViewController.h */ = {isa = PBXFileReference; fileEncoding = 4; lastKnownFileType = sourcecode.c.h; path = GKMainRefreshViewController.h; sourceTree = "<group>"; };
		60A20AE7221D023800DB2193 /* GKBaseTableViewController.h */ = {isa = PBXFileReference; fileEncoding = 4; lastKnownFileType = sourcecode.c.h; path = GKBaseTableViewController.h; sourceTree = "<group>"; };
		60A20AE8221D023800DB2193 /* GKDemoBaseViewController.h */ = {isa = PBXFileReference; fileEncoding = 4; lastKnownFileType = sourcecode.c.h; path = GKDemoBaseViewController.h; sourceTree = "<group>"; };
		60A20AE9221D023800DB2193 /* GKBasePageViewController.h */ = {isa = PBXFileReference; fileEncoding = 4; lastKnownFileType = sourcecode.c.h; path = GKBasePageViewController.h; sourceTree = "<group>"; };
		60A20AEA221D023800DB2193 /* GKBaseListViewController.h */ = {isa = PBXFileReference; fileEncoding = 4; lastKnownFileType = sourcecode.c.h; path = GKBaseListViewController.h; sourceTree = "<group>"; };
		60A20AEB221D023800DB2193 /* GKBasePageViewController.m */ = {isa = PBXFileReference; fileEncoding = 4; lastKnownFileType = sourcecode.c.objc; path = GKBasePageViewController.m; sourceTree = "<group>"; };
		60A20AEC221D023800DB2193 /* GKDemoBaseViewController.m */ = {isa = PBXFileReference; fileEncoding = 4; lastKnownFileType = sourcecode.c.objc; path = GKDemoBaseViewController.m; sourceTree = "<group>"; };
		60A20AED221D023800DB2193 /* GKBaseTableViewController.m */ = {isa = PBXFileReference; fileEncoding = 4; lastKnownFileType = sourcecode.c.objc; path = GKBaseTableViewController.m; sourceTree = "<group>"; };
		60A20AEE221D023800DB2193 /* GKBaseListViewController.m */ = {isa = PBXFileReference; fileEncoding = 4; lastKnownFileType = sourcecode.c.objc; path = GKBaseListViewController.m; sourceTree = "<group>"; };
		60A20AF0221D023800DB2193 /* GKDYViewController.m */ = {isa = PBXFileReference; fileEncoding = 4; lastKnownFileType = sourcecode.c.objc; path = GKDYViewController.m; sourceTree = "<group>"; };
		60A20AF1221D023800DB2193 /* GKDYListViewController.h */ = {isa = PBXFileReference; fileEncoding = 4; lastKnownFileType = sourcecode.c.h; path = GKDYListViewController.h; sourceTree = "<group>"; };
		60A20AF2221D023800DB2193 /* GKDYHeaderView.h */ = {isa = PBXFileReference; fileEncoding = 4; lastKnownFileType = sourcecode.c.h; path = GKDYHeaderView.h; sourceTree = "<group>"; };
		60A20AF3221D023800DB2193 /* GKDYViewController.h */ = {isa = PBXFileReference; fileEncoding = 4; lastKnownFileType = sourcecode.c.h; path = GKDYViewController.h; sourceTree = "<group>"; };
		60A20AF4221D023800DB2193 /* GKDYListViewController.m */ = {isa = PBXFileReference; fileEncoding = 4; lastKnownFileType = sourcecode.c.objc; path = GKDYListViewController.m; sourceTree = "<group>"; };
		60A20AF5221D023800DB2193 /* GKDYHeaderView.m */ = {isa = PBXFileReference; fileEncoding = 4; lastKnownFileType = sourcecode.c.objc; path = GKDYHeaderView.m; sourceTree = "<group>"; };
		60A20B72221D026C00DB2193 /* PrefixHeader.pch */ = {isa = PBXFileReference; lastKnownFileType = sourcecode.c.h; path = PrefixHeader.pch; sourceTree = "<group>"; };
		60A20D4C2225225100DB2193 /* GKWBFindViewController.m */ = {isa = PBXFileReference; fileEncoding = 4; lastKnownFileType = sourcecode.c.objc; path = GKWBFindViewController.m; sourceTree = "<group>"; };
		60A20D4D2225225300DB2193 /* GKWBFindViewController.h */ = {isa = PBXFileReference; fileEncoding = 4; lastKnownFileType = sourcecode.c.h; path = GKWBFindViewController.h; sourceTree = "<group>"; };
		60B2CECA23CEB4AF00D57911 /* GKTestListViewController.h */ = {isa = PBXFileReference; lastKnownFileType = sourcecode.c.h; path = GKTestListViewController.h; sourceTree = "<group>"; };
		60B2CECB23CEB4AF00D57911 /* GKTestListViewController.m */ = {isa = PBXFileReference; lastKnownFileType = sourcecode.c.objc; path = GKTestListViewController.m; sourceTree = "<group>"; };
		60F0C50F22A91A9E0092CE79 /* GKVTMagicViewController.h */ = {isa = PBXFileReference; lastKnownFileType = sourcecode.c.h; path = GKVTMagicViewController.h; sourceTree = "<group>"; };
		60F0C51022A91A9E0092CE79 /* GKVTMagicViewController.m */ = {isa = PBXFileReference; lastKnownFileType = sourcecode.c.objc; path = GKVTMagicViewController.m; sourceTree = "<group>"; };
		63F3699EF4265905771A0FD8 /* Pods-GKPageScrollViewObjc.debug.xcconfig */ = {isa = PBXFileReference; includeInIndex = 1; lastKnownFileType = text.xcconfig; name = "Pods-GKPageScrollViewObjc.debug.xcconfig"; path = "Target Support Files/Pods-GKPageScrollViewObjc/Pods-GKPageScrollViewObjc.debug.xcconfig"; sourceTree = "<group>"; };
		79142FA523214D06009F16E7 /* GKPageListContainerView.h */ = {isa = PBXFileReference; lastKnownFileType = sourcecode.c.h; name = GKPageListContainerView.h; path = ../../../GKPageScrollView/objc/GKPageListContainerView.h; sourceTree = "<group>"; };
		79142FA623214D06009F16E7 /* GKPageListContainerView.m */ = {isa = PBXFileReference; lastKnownFileType = sourcecode.c.objc; name = GKPageListContainerView.m; path = ../../../GKPageScrollView/objc/GKPageListContainerView.m; sourceTree = "<group>"; };
		79142FA723214D06009F16E7 /* GKPageScrollView.m */ = {isa = PBXFileReference; lastKnownFileType = sourcecode.c.objc; name = GKPageScrollView.m; path = ../../../GKPageScrollView/objc/GKPageScrollView.m; sourceTree = "<group>"; };
		79142FA823214D06009F16E7 /* GKPageScrollView.h */ = {isa = PBXFileReference; lastKnownFileType = sourcecode.c.h; name = GKPageScrollView.h; path = ../../../GKPageScrollView/objc/GKPageScrollView.h; sourceTree = "<group>"; };
		79142FA923214D06009F16E7 /* GKPageTableView.h */ = {isa = PBXFileReference; lastKnownFileType = sourcecode.c.h; name = GKPageTableView.h; path = ../../../GKPageScrollView/objc/GKPageTableView.h; sourceTree = "<group>"; };
		79142FAA23214D06009F16E7 /* GKPageTableView.m */ = {isa = PBXFileReference; lastKnownFileType = sourcecode.c.objc; name = GKPageTableView.m; path = ../../../GKPageScrollView/objc/GKPageTableView.m; sourceTree = "<group>"; };
		79C48BB6243AF943000B0815 /* GKPageScrollView.podspec */ = {isa = PBXFileReference; fileEncoding = 4; lastKnownFileType = text; name = GKPageScrollView.podspec; path = ../../GKPageScrollView.podspec; sourceTree = "<group>"; };
		E7F6BEA1D8BA4A2D94EE2D7E /* libPods-GKPageScrollViewObjc.a */ = {isa = PBXFileReference; explicitFileType = archive.ar; includeInIndex = 0; path = "libPods-GKPageScrollViewObjc.a"; sourceTree = BUILT_PRODUCTS_DIR; };
/* End PBXFileReference section */

/* Begin PBXFrameworksBuildPhase section */
		60A20A8B221CFF8400DB2193 /* Frameworks */ = {
			isa = PBXFrameworksBuildPhase;
			buildActionMask = 2147483647;
			files = (
				EEB3B8E667A420C2B1527D6C /* libPods-GKPageScrollViewObjc.a in Frameworks */,
			);
			runOnlyForDeploymentPostprocessing = 0;
		};
		60A20AA3221CFF8500DB2193 /* Frameworks */ = {
			isa = PBXFrameworksBuildPhase;
			buildActionMask = 2147483647;
			files = (
			);
			runOnlyForDeploymentPostprocessing = 0;
		};
		60A20AAE221CFF8500DB2193 /* Frameworks */ = {
			isa = PBXFrameworksBuildPhase;
			buildActionMask = 2147483647;
			files = (
			);
			runOnlyForDeploymentPostprocessing = 0;
		};
/* End PBXFrameworksBuildPhase section */

/* Begin PBXGroup section */
		5D78039C8BF9977342EB16BB /* Frameworks */ = {
			isa = PBXGroup;
			children = (
				E7F6BEA1D8BA4A2D94EE2D7E /* libPods-GKPageScrollViewObjc.a */,
			);
			name = Frameworks;
			sourceTree = "<group>";
		};
		6004DC632341D1E300248558 /* Nest */ = {
			isa = PBXGroup;
			children = (
				6004DC642341D20800248558 /* GKNest1ViewController.h */,
				6004DC652341D20800248558 /* GKNest1ViewController.m */,
				6033D068235D5A54003C48BB /* GKNest2ViewController.h */,
				6033D069235D5A54003C48BB /* GKNest2ViewController.m */,
				6025355E235D952800077962 /* GKNestScrollView.h */,
				6025355F235D952800077962 /* GKNestScrollView.m */,
				6004DC672341D21400248558 /* GKNestView.h */,
				6004DC682341D21400248558 /* GKNestView.m */,
				6033D06B235D5B33003C48BB /* GKNest2View.h */,
				6033D06C235D5B33003C48BB /* GKNest2View.m */,
				6004DC6A2341D21E00248558 /* GKNestListView.h */,
				6004DC6B2341D21E00248558 /* GKNestListView.m */,
			);
			path = Nest;
			sourceTree = "<group>";
		};
		6008911A22A0BC32002A6D52 /* HeaderScroll */ = {
			isa = PBXGroup;
			children = (
				6008911B22A0BC5E002A6D52 /* GKHeaderScrollViewController.h */,
				6008911C22A0BC5E002A6D52 /* GKHeaderScrollViewController.m */,
				6008911E22A0BC89002A6D52 /* GKHeaderScrollView.h */,
				6008911F22A0BC89002A6D52 /* GKHeaderScrollView.m */,
			);
			path = HeaderScroll;
			sourceTree = "<group>";
		};
		6014824F2238AB4A00723BA3 /* ListLoad */ = {
			isa = PBXGroup;
			children = (
				601482502238AB7500723BA3 /* GKListLoadViewController.h */,
				601482512238AB7500723BA3 /* GKListLoadViewController.m */,
			);
			path = ListLoad;
			sourceTree = "<group>";
		};
		6036C3D322438C17000BE576 /* ItemLoad */ = {
			isa = PBXGroup;
			children = (
				6036C3D422438C47000BE576 /* GKItemLoadViewController.h */,
				6036C3D522438C47000BE576 /* GKItemLoadViewController.m */,
			);
			path = ItemLoad;
			sourceTree = "<group>";
		};
		60A20A85221CFF8400DB2193 = {
			isa = PBXGroup;
			children = (
				60A20A90221CFF8400DB2193 /* GKPageScrollViewObjc */,
				60A20A8F221CFF8400DB2193 /* Products */,
				B7D9371C8BED22BFC872F09A /* Pods */,
				5D78039C8BF9977342EB16BB /* Frameworks */,
			);
			sourceTree = "<group>";
		};
		60A20A8F221CFF8400DB2193 /* Products */ = {
			isa = PBXGroup;
			children = (
				60A20A8E221CFF8400DB2193 /* GKPageScrollViewObjc.app */,
				60A20AA6221CFF8500DB2193 /* GKPageScrollViewObjcTests.xctest */,
				60A20AB1221CFF8500DB2193 /* GKPageScrollViewObjcUITests.xctest */,
			);
			name = Products;
			sourceTree = "<group>";
		};
		60A20A90221CFF8400DB2193 /* GKPageScrollViewObjc */ = {
			isa = PBXGroup;
			children = (
				79142FA423214CF3009F16E7 /* GKPageScrollView */,
				60A20ACA221D023800DB2193 /* Demo */,
				60A20A91221CFF8400DB2193 /* AppDelegate.h */,
				60A20A92221CFF8400DB2193 /* AppDelegate.m */,
				60A20A94221CFF8400DB2193 /* ViewController.h */,
				60A20A95221CFF8400DB2193 /* ViewController.m */,
				60A20A97221CFF8400DB2193 /* Main.storyboard */,
				60A20A9A221CFF8500DB2193 /* Assets.xcassets */,
				60A20A9C221CFF8500DB2193 /* LaunchScreen.storyboard */,
				60A20A9F221CFF8500DB2193 /* Info.plist */,
				60A20AA0221CFF8500DB2193 /* main.m */,
				60A20B72221D026C00DB2193 /* PrefixHeader.pch */,
				79C48BB6243AF943000B0815 /* GKPageScrollView.podspec */,
			);
			path = GKPageScrollViewObjc;
			sourceTree = "<group>";
		};
		60A20ACA221D023800DB2193 /* Demo */ = {
			isa = PBXGroup;
			children = (
				60A20AE6221D023800DB2193 /* Base */,
				60A20AD7221D023800DB2193 /* 微博 */,
				60A20AD0221D023800DB2193 /* 网易云音乐 */,
				60A20AEF221D023800DB2193 /* 抖音 */,
				60A20AE3221D023800DB2193 /* MainRefresh */,
				60A20AE0221D023800DB2193 /* ListRefresh */,
				6014824F2238AB4A00723BA3 /* ListLoad */,
				6036C3D322438C17000BE576 /* ItemLoad */,
				6008911A22A0BC32002A6D52 /* HeaderScroll */,
				60F0C50E22A91A780092CE79 /* VTMagic */,
				6004DC632341D1E300248558 /* Nest */,
				60A20ACB221D023800DB2193 /* Test */,
			);
			path = Demo;
			sourceTree = "<group>";
		};
		60A20ACB221D023800DB2193 /* Test */ = {
			isa = PBXGroup;
			children = (
				60A20ACF221D023800DB2193 /* GKTestViewController.h */,
				60A20ACD221D023800DB2193 /* GKTestViewController.m */,
				60B2CECA23CEB4AF00D57911 /* GKTestListViewController.h */,
				60B2CECB23CEB4AF00D57911 /* GKTestListViewController.m */,
				6050ED9B2362BE99008A30A0 /* GKTestHeaderView.h */,
				6050ED9C2362BE99008A30A0 /* GKTestHeaderView.m */,
				60A20ACE221D023800DB2193 /* GKTestListView.h */,
				60A20ACC221D023800DB2193 /* GKTestListView.m */,
				6099CDBE22B64F13005098EE /* GKTestListScrollView.h */,
				6099CDBF22B64F13005098EE /* GKTestListScrollView.m */,
				6021DEFE22DC79AA00F4714E /* GKTestListCollectionView.h */,
				6021DEFF22DC79AA00F4714E /* GKTestListCollectionView.m */,
				605A579A226844A2000265F5 /* GKTestScrollView.h */,
				605A579B226844A2000265F5 /* GKTestScrollView.m */,
			);
			path = Test;
			sourceTree = "<group>";
		};
		60A20AD0221D023800DB2193 /* 网易云音乐 */ = {
			isa = PBXGroup;
			children = (
				60A20AD3221D023800DB2193 /* GKWYViewController.h */,
				60A20AD6221D023800DB2193 /* GKWYViewController.m */,
				60A20AD5221D023800DB2193 /* GKWYListViewController.h */,
				60A20AD2221D023800DB2193 /* GKWYListViewController.m */,
				60A20AD1221D023800DB2193 /* GKWYHeaderView.h */,
				60A20AD4221D023800DB2193 /* GKWYHeaderView.m */,
			);
			path = "网易云音乐";
			sourceTree = "<group>";
		};
		60A20AD7221D023800DB2193 /* 微博 */ = {
			isa = PBXGroup;
			children = (
				60A20AD8221D023800DB2193 /* GKWBViewController.h */,
				60A20ADD221D023800DB2193 /* GKWBViewController.m */,
				60A20D4D2225225300DB2193 /* GKWBFindViewController.h */,
				60A20D4C2225225100DB2193 /* GKWBFindViewController.m */,
				60A20ADC221D023800DB2193 /* GKWBListViewController.h */,
				60A20AD9221D023800DB2193 /* GKWBListViewController.m */,
				60A20ADE221D023800DB2193 /* GKWBPageViewController.h */,
				60A20ADB221D023800DB2193 /* GKWBPageViewController.m */,
				60A20ADF221D023800DB2193 /* GKWBHeaderView.h */,
				60A20ADA221D023800DB2193 /* GKWBHeaderView.m */,
			);
			path = "微博";
			sourceTree = "<group>";
		};
		60A20AE0221D023800DB2193 /* ListRefresh */ = {
			isa = PBXGroup;
			children = (
				60A20AE2221D023800DB2193 /* GKListRefreshViewController.h */,
				60A20AE1221D023800DB2193 /* GKListRefreshViewController.m */,
			);
			path = ListRefresh;
			sourceTree = "<group>";
		};
		60A20AE3221D023800DB2193 /* MainRefresh */ = {
			isa = PBXGroup;
			children = (
				60A20AE5221D023800DB2193 /* GKMainRefreshViewController.h */,
				60A20AE4221D023800DB2193 /* GKMainRefreshViewController.m */,
			);
			path = MainRefresh;
			sourceTree = "<group>";
		};
		60A20AE6221D023800DB2193 /* Base */ = {
			isa = PBXGroup;
			children = (
				60A20AE8221D023800DB2193 /* GKDemoBaseViewController.h */,
				60A20AEC221D023800DB2193 /* GKDemoBaseViewController.m */,
				60A20AE7221D023800DB2193 /* GKBaseTableViewController.h */,
				60A20AED221D023800DB2193 /* GKBaseTableViewController.m */,
				60A20AE9221D023800DB2193 /* GKBasePageViewController.h */,
				60A20AEB221D023800DB2193 /* GKBasePageViewController.m */,
				60A20AEA221D023800DB2193 /* GKBaseListViewController.h */,
				60A20AEE221D023800DB2193 /* GKBaseListViewController.m */,
			);
			path = Base;
			sourceTree = "<group>";
		};
		60A20AEF221D023800DB2193 /* 抖音 */ = {
			isa = PBXGroup;
			children = (
				60A20AF3221D023800DB2193 /* GKDYViewController.h */,
				60A20AF0221D023800DB2193 /* GKDYViewController.m */,
				60A20AF1221D023800DB2193 /* GKDYListViewController.h */,
				60A20AF4221D023800DB2193 /* GKDYListViewController.m */,
				60A20AF2221D023800DB2193 /* GKDYHeaderView.h */,
				60A20AF5221D023800DB2193 /* GKDYHeaderView.m */,
			);
			path = "抖音";
			sourceTree = "<group>";
		};
		60F0C50E22A91A780092CE79 /* VTMagic */ = {
			isa = PBXGroup;
			children = (
				60F0C50F22A91A9E0092CE79 /* GKVTMagicViewController.h */,
				60F0C51022A91A9E0092CE79 /* GKVTMagicViewController.m */,
			);
			path = VTMagic;
			sourceTree = "<group>";
		};
		79142FA423214CF3009F16E7 /* GKPageScrollView */ = {
			isa = PBXGroup;
			children = (
				79142FA823214D06009F16E7 /* GKPageScrollView.h */,
				79142FA723214D06009F16E7 /* GKPageScrollView.m */,
				79142FA923214D06009F16E7 /* GKPageTableView.h */,
				79142FAA23214D06009F16E7 /* GKPageTableView.m */,
				79142FA523214D06009F16E7 /* GKPageListContainerView.h */,
				79142FA623214D06009F16E7 /* GKPageListContainerView.m */,
			);
			path = GKPageScrollView;
			sourceTree = "<group>";
		};
		B7D9371C8BED22BFC872F09A /* Pods */ = {
			isa = PBXGroup;
			children = (
				63F3699EF4265905771A0FD8 /* Pods-GKPageScrollViewObjc.debug.xcconfig */,
				4386C749590B58507E131C37 /* Pods-GKPageScrollViewObjc.release.xcconfig */,
			);
			name = Pods;
			path = ../Pods;
			sourceTree = "<group>";
		};
/* End PBXGroup section */

/* Begin PBXNativeTarget section */
		60A20A8D221CFF8400DB2193 /* GKPageScrollViewObjc */ = {
			isa = PBXNativeTarget;
			buildConfigurationList = 60A20ABA221CFF8500DB2193 /* Build configuration list for PBXNativeTarget "GKPageScrollViewObjc" */;
			buildPhases = (
				73AE3121DB21E3C1CA155AA6 /* [CP] Check Pods Manifest.lock */,
				60A20A8A221CFF8400DB2193 /* Sources */,
				60A20A8B221CFF8400DB2193 /* Frameworks */,
				60A20A8C221CFF8400DB2193 /* Resources */,
				B15D1A6CEAA523B40B2A6208 /* [CP] Copy Pods Resources */,
			);
			buildRules = (
			);
			dependencies = (
			);
			name = GKPageScrollViewObjc;
			productName = GKPageScrollViewObjc;
			productReference = 60A20A8E221CFF8400DB2193 /* GKPageScrollViewObjc.app */;
			productType = "com.apple.product-type.application";
		};
		60A20AA5221CFF8500DB2193 /* GKPageScrollViewObjcTests */ = {
			isa = PBXNativeTarget;
			buildConfigurationList = 60A20ABD221CFF8500DB2193 /* Build configuration list for PBXNativeTarget "GKPageScrollViewObjcTests" */;
			buildPhases = (
				60A20AA2221CFF8500DB2193 /* Sources */,
				60A20AA3221CFF8500DB2193 /* Frameworks */,
				60A20AA4221CFF8500DB2193 /* Resources */,
			);
			buildRules = (
			);
			dependencies = (
				60A20AA8221CFF8500DB2193 /* PBXTargetDependency */,
			);
			name = GKPageScrollViewObjcTests;
			productName = GKPageScrollViewObjcTests;
			productReference = 60A20AA6221CFF8500DB2193 /* GKPageScrollViewObjcTests.xctest */;
			productType = "com.apple.product-type.bundle.unit-test";
		};
		60A20AB0221CFF8500DB2193 /* GKPageScrollViewObjcUITests */ = {
			isa = PBXNativeTarget;
			buildConfigurationList = 60A20AC0221CFF8500DB2193 /* Build configuration list for PBXNativeTarget "GKPageScrollViewObjcUITests" */;
			buildPhases = (
				60A20AAD221CFF8500DB2193 /* Sources */,
				60A20AAE221CFF8500DB2193 /* Frameworks */,
				60A20AAF221CFF8500DB2193 /* Resources */,
			);
			buildRules = (
			);
			dependencies = (
				60A20AB3221CFF8500DB2193 /* PBXTargetDependency */,
			);
			name = GKPageScrollViewObjcUITests;
			productName = GKPageScrollViewObjcUITests;
			productReference = 60A20AB1221CFF8500DB2193 /* GKPageScrollViewObjcUITests.xctest */;
			productType = "com.apple.product-type.bundle.ui-testing";
		};
/* End PBXNativeTarget section */

/* Begin PBXProject section */
		60A20A86221CFF8400DB2193 /* Project object */ = {
			isa = PBXProject;
			attributes = {
				DefaultBuildSystemTypeForWorkspace = Latest;
				LastSwiftUpdateCheck = 1140;
				LastUpgradeCheck = 1110;
				ORGANIZATIONNAME = gaokun;
				TargetAttributes = {
					60A20A8D221CFF8400DB2193 = {
						CreatedOnToolsVersion = 10.1;
					};
					60A20AA5221CFF8500DB2193 = {
						CreatedOnToolsVersion = 10.1;
						TestTargetID = 60A20A8D221CFF8400DB2193;
					};
					60A20AB0221CFF8500DB2193 = {
						CreatedOnToolsVersion = 10.1;
						TestTargetID = 60A20A8D221CFF8400DB2193;
					};
				};
			};
			buildConfigurationList = 60A20A89221CFF8400DB2193 /* Build configuration list for PBXProject "GKPageScrollViewObjc" */;
			compatibilityVersion = "Xcode 9.3";
			developmentRegion = en;
			hasScannedForEncodings = 0;
			knownRegions = (
				en,
				Base,
			);
			mainGroup = 60A20A85221CFF8400DB2193;
			productRefGroup = 60A20A8F221CFF8400DB2193 /* Products */;
			projectDirPath = "";
			projectRoot = "";
			targets = (
				60A20A8D221CFF8400DB2193 /* GKPageScrollViewObjc */,
				60A20AA5221CFF8500DB2193 /* GKPageScrollViewObjcTests */,
				60A20AB0221CFF8500DB2193 /* GKPageScrollViewObjcUITests */,
			);
		};
/* End PBXProject section */

/* Begin PBXResourcesBuildPhase section */
		60A20A8C221CFF8400DB2193 /* Resources */ = {
			isa = PBXResourcesBuildPhase;
			buildActionMask = 2147483647;
			files = (
				60A20A9E221CFF8500DB2193 /* LaunchScreen.storyboard in Resources */,
				79C48BB7243AF944000B0815 /* GKPageScrollView.podspec in Resources */,
				60A20A9B221CFF8500DB2193 /* Assets.xcassets in Resources */,
				60A20A99221CFF8400DB2193 /* Main.storyboard in Resources */,
			);
			runOnlyForDeploymentPostprocessing = 0;
		};
		60A20AA4221CFF8500DB2193 /* Resources */ = {
			isa = PBXResourcesBuildPhase;
			buildActionMask = 2147483647;
			files = (
			);
			runOnlyForDeploymentPostprocessing = 0;
		};
		60A20AAF221CFF8500DB2193 /* Resources */ = {
			isa = PBXResourcesBuildPhase;
			buildActionMask = 2147483647;
			files = (
			);
			runOnlyForDeploymentPostprocessing = 0;
		};
/* End PBXResourcesBuildPhase section */

/* Begin PBXShellScriptBuildPhase section */
		73AE3121DB21E3C1CA155AA6 /* [CP] Check Pods Manifest.lock */ = {
			isa = PBXShellScriptBuildPhase;
			buildActionMask = 2147483647;
			files = (
			);
			inputFileListPaths = (
			);
			inputPaths = (
				"${PODS_PODFILE_DIR_PATH}/Podfile.lock",
				"${PODS_ROOT}/Manifest.lock",
			);
			name = "[CP] Check Pods Manifest.lock";
			outputFileListPaths = (
			);
			outputPaths = (
				"$(DERIVED_FILE_DIR)/Pods-GKPageScrollViewObjc-checkManifestLockResult.txt",
			);
			runOnlyForDeploymentPostprocessing = 0;
			shellPath = /bin/sh;
			shellScript = "diff \"${PODS_PODFILE_DIR_PATH}/Podfile.lock\" \"${PODS_ROOT}/Manifest.lock\" > /dev/null\nif [ $? != 0 ] ; then\n    # print error to STDERR\n    echo \"error: The sandbox is not in sync with the Podfile.lock. Run 'pod install' or update your CocoaPods installation.\" >&2\n    exit 1\nfi\n# This output is used by Xcode 'outputs' to avoid re-running this script phase.\necho \"SUCCESS\" > \"${SCRIPT_OUTPUT_FILE_0}\"\n";
			showEnvVarsInLog = 0;
		};
		B15D1A6CEAA523B40B2A6208 /* [CP] Copy Pods Resources */ = {
			isa = PBXShellScriptBuildPhase;
			buildActionMask = 2147483647;
			files = (
			);
			inputFileListPaths = (
				"${PODS_ROOT}/Target Support Files/Pods-GKPageScrollViewObjc/Pods-GKPageScrollViewObjc-resources-${CONFIGURATION}-input-files.xcfilelist",
			);
			name = "[CP] Copy Pods Resources";
			outputFileListPaths = (
				"${PODS_ROOT}/Target Support Files/Pods-GKPageScrollViewObjc/Pods-GKPageScrollViewObjc-resources-${CONFIGURATION}-output-files.xcfilelist",
			);
			runOnlyForDeploymentPostprocessing = 0;
			shellPath = /bin/sh;
			shellScript = "\"${PODS_ROOT}/Target Support Files/Pods-GKPageScrollViewObjc/Pods-GKPageScrollViewObjc-resources.sh\"\n";
			showEnvVarsInLog = 0;
		};
/* End PBXShellScriptBuildPhase section */

/* Begin PBXSourcesBuildPhase section */
		60A20A8A221CFF8400DB2193 /* Sources */ = {
			isa = PBXSourcesBuildPhase;
			buildActionMask = 2147483647;
			files = (
				6004DC6D2341E15900248558 /* GKPageScrollView.m in Sources */,
				6004DC6E2341E15900248558 /* GKPageTableView.m in Sources */,
				6004DC6F2341E15900248558 /* GKPageListContainerView.m in Sources */,
				60A20B45221D023900DB2193 /* GKWYViewController.m in Sources */,
				601482522238AB7500723BA3 /* GKListLoadViewController.m in Sources */,
				60A20D4E2225225400DB2193 /* GKWBFindViewController.m in Sources */,
				6036C3D622438C47000BE576 /* GKItemLoadViewController.m in Sources */,
				60A20B43221D023900DB2193 /* GKWYListViewController.m in Sources */,
				60A20B4A221D023900DB2193 /* GKListRefreshViewController.m in Sources */,
				60A20B48221D023900DB2193 /* GKWBPageViewController.m in Sources */,
				60A20B47221D023900DB2193 /* GKWBHeaderView.m in Sources */,
				60A20B50221D023900DB2193 /* GKDYViewController.m in Sources */,
				60253560235D952800077962 /* GKNestScrollView.m in Sources */,
				6099CDC022B64F13005098EE /* GKTestListScrollView.m in Sources */,
				60A20A96221CFF8400DB2193 /* ViewController.m in Sources */,
				60A20B4E221D023900DB2193 /* GKBaseTableViewController.m in Sources */,
				60A20B4D221D023900DB2193 /* GKDemoBaseViewController.m in Sources */,
				605A579C226844A2000265F5 /* GKTestScrollView.m in Sources */,
				6004DC692341D21400248558 /* GKNestView.m in Sources */,
				6050ED9D2362BE99008A30A0 /* GKTestHeaderView.m in Sources */,
				60A20B51221D023900DB2193 /* GKDYListViewController.m in Sources */,
				60A20AA1221CFF8500DB2193 /* main.m in Sources */,
				6008912022A0BC89002A6D52 /* GKHeaderScrollView.m in Sources */,
				60A20B41221D023900DB2193 /* GKTestListView.m in Sources */,
				6008911D22A0BC5E002A6D52 /* GKHeaderScrollViewController.m in Sources */,
				60A20A93221CFF8400DB2193 /* AppDelegate.m in Sources */,
				60F0C51122A91A9E0092CE79 /* GKVTMagicViewController.m in Sources */,
				60A20B4C221D023900DB2193 /* GKBasePageViewController.m in Sources */,
				60A20B46221D023900DB2193 /* GKWBListViewController.m in Sources */,
				6004DC6C2341D21E00248558 /* GKNestListView.m in Sources */,
				60A20B42221D023900DB2193 /* GKTestViewController.m in Sources */,
				60A20B4B221D023900DB2193 /* GKMainRefreshViewController.m in Sources */,
				6021DF0022DC79AA00F4714E /* GKTestListCollectionView.m in Sources */,
				6033D06A235D5A54003C48BB /* GKNest2ViewController.m in Sources */,
				60B2CECC23CEB4AF00D57911 /* GKTestListViewController.m in Sources */,
				60A20B4F221D023900DB2193 /* GKBaseListViewController.m in Sources */,
				60A20B44221D023900DB2193 /* GKWYHeaderView.m in Sources */,
				60A20B49221D023900DB2193 /* GKWBViewController.m in Sources */,
				6004DC662341D20800248558 /* GKNest1ViewController.m in Sources */,
				60A20B52221D023900DB2193 /* GKDYHeaderView.m in Sources */,
				6033D06D235D5B33003C48BB /* GKNest2View.m in Sources */,
			);
			runOnlyForDeploymentPostprocessing = 0;
		};
		60A20AA2221CFF8500DB2193 /* Sources */ = {
			isa = PBXSourcesBuildPhase;
			buildActionMask = 2147483647;
			files = (
			);
			runOnlyForDeploymentPostprocessing = 0;
		};
		60A20AAD221CFF8500DB2193 /* Sources */ = {
			isa = PBXSourcesBuildPhase;
			buildActionMask = 2147483647;
			files = (
			);
			runOnlyForDeploymentPostprocessing = 0;
		};
/* End PBXSourcesBuildPhase section */

/* Begin PBXTargetDependency section */
		60A20AA8221CFF8500DB2193 /* PBXTargetDependency */ = {
			isa = PBXTargetDependency;
			target = 60A20A8D221CFF8400DB2193 /* GKPageScrollViewObjc */;
			targetProxy = 60A20AA7221CFF8500DB2193 /* PBXContainerItemProxy */;
		};
		60A20AB3221CFF8500DB2193 /* PBXTargetDependency */ = {
			isa = PBXTargetDependency;
			target = 60A20A8D221CFF8400DB2193 /* GKPageScrollViewObjc */;
			targetProxy = 60A20AB2221CFF8500DB2193 /* PBXContainerItemProxy */;
		};
/* End PBXTargetDependency section */

/* Begin PBXVariantGroup section */
		60A20A97221CFF8400DB2193 /* Main.storyboard */ = {
			isa = PBXVariantGroup;
			children = (
				60A20A98221CFF8400DB2193 /* Base */,
			);
			name = Main.storyboard;
			sourceTree = "<group>";
		};
		60A20A9C221CFF8500DB2193 /* LaunchScreen.storyboard */ = {
			isa = PBXVariantGroup;
			children = (
				60A20A9D221CFF8500DB2193 /* Base */,
			);
			name = LaunchScreen.storyboard;
			sourceTree = "<group>";
		};
/* End PBXVariantGroup section */

/* Begin XCBuildConfiguration section */
		60A20AB8221CFF8500DB2193 /* Debug */ = {
			isa = XCBuildConfiguration;
			buildSettings = {
				ALWAYS_SEARCH_USER_PATHS = NO;
				CLANG_ANALYZER_NONNULL = YES;
				CLANG_ANALYZER_NUMBER_OBJECT_CONVERSION = YES_AGGRESSIVE;
				CLANG_CXX_LANGUAGE_STANDARD = "gnu++14";
				CLANG_CXX_LIBRARY = "libc++";
				CLANG_ENABLE_MODULES = YES;
				CLANG_ENABLE_OBJC_ARC = YES;
				CLANG_ENABLE_OBJC_WEAK = YES;
				CLANG_WARN_BLOCK_CAPTURE_AUTORELEASING = YES;
				CLANG_WARN_BOOL_CONVERSION = YES;
				CLANG_WARN_COMMA = YES;
				CLANG_WARN_CONSTANT_CONVERSION = YES;
				CLANG_WARN_DEPRECATED_OBJC_IMPLEMENTATIONS = YES;
				CLANG_WARN_DIRECT_OBJC_ISA_USAGE = YES_ERROR;
				CLANG_WARN_DOCUMENTATION_COMMENTS = YES;
				CLANG_WARN_EMPTY_BODY = YES;
				CLANG_WARN_ENUM_CONVERSION = YES;
				CLANG_WARN_INFINITE_RECURSION = YES;
				CLANG_WARN_INT_CONVERSION = YES;
				CLANG_WARN_NON_LITERAL_NULL_CONVERSION = YES;
				CLANG_WARN_OBJC_IMPLICIT_RETAIN_SELF = YES;
				CLANG_WARN_OBJC_LITERAL_CONVERSION = YES;
				CLANG_WARN_OBJC_ROOT_CLASS = YES_ERROR;
				CLANG_WARN_RANGE_LOOP_ANALYSIS = YES;
				CLANG_WARN_STRICT_PROTOTYPES = YES;
				CLANG_WARN_SUSPICIOUS_MOVE = YES;
				CLANG_WARN_UNGUARDED_AVAILABILITY = YES_AGGRESSIVE;
				CLANG_WARN_UNREACHABLE_CODE = YES;
				CLANG_WARN__DUPLICATE_METHOD_MATCH = YES;
				CODE_SIGN_IDENTITY = "iPhone Developer";
				COPY_PHASE_STRIP = NO;
				DEBUG_INFORMATION_FORMAT = dwarf;
				ENABLE_STRICT_OBJC_MSGSEND = YES;
				ENABLE_TESTABILITY = YES;
				GCC_C_LANGUAGE_STANDARD = gnu11;
				GCC_DYNAMIC_NO_PIC = NO;
				GCC_NO_COMMON_BLOCKS = YES;
				GCC_OPTIMIZATION_LEVEL = 0;
				GCC_PREPROCESSOR_DEFINITIONS = (
					"DEBUG=1",
					"$(inherited)",
				);
				GCC_WARN_64_TO_32_BIT_CONVERSION = YES;
				GCC_WARN_ABOUT_RETURN_TYPE = YES_ERROR;
				GCC_WARN_UNDECLARED_SELECTOR = YES;
				GCC_WARN_UNINITIALIZED_AUTOS = YES_AGGRESSIVE;
				GCC_WARN_UNUSED_FUNCTION = YES;
				GCC_WARN_UNUSED_VARIABLE = YES;
				IPHONEOS_DEPLOYMENT_TARGET = 12.1;
				MTL_ENABLE_DEBUG_INFO = INCLUDE_SOURCE;
				MTL_FAST_MATH = YES;
				ONLY_ACTIVE_ARCH = YES;
				SDKROOT = iphoneos;
			};
			name = Debug;
		};
		60A20AB9221CFF8500DB2193 /* Release */ = {
			isa = XCBuildConfiguration;
			buildSettings = {
				ALWAYS_SEARCH_USER_PATHS = NO;
				CLANG_ANALYZER_NONNULL = YES;
				CLANG_ANALYZER_NUMBER_OBJECT_CONVERSION = YES_AGGRESSIVE;
				CLANG_CXX_LANGUAGE_STANDARD = "gnu++14";
				CLANG_CXX_LIBRARY = "libc++";
				CLANG_ENABLE_MODULES = YES;
				CLANG_ENABLE_OBJC_ARC = YES;
				CLANG_ENABLE_OBJC_WEAK = YES;
				CLANG_WARN_BLOCK_CAPTURE_AUTORELEASING = YES;
				CLANG_WARN_BOOL_CONVERSION = YES;
				CLANG_WARN_COMMA = YES;
				CLANG_WARN_CONSTANT_CONVERSION = YES;
				CLANG_WARN_DEPRECATED_OBJC_IMPLEMENTATIONS = YES;
				CLANG_WARN_DIRECT_OBJC_ISA_USAGE = YES_ERROR;
				CLANG_WARN_DOCUMENTATION_COMMENTS = YES;
				CLANG_WARN_EMPTY_BODY = YES;
				CLANG_WARN_ENUM_CONVERSION = YES;
				CLANG_WARN_INFINITE_RECURSION = YES;
				CLANG_WARN_INT_CONVERSION = YES;
				CLANG_WARN_NON_LITERAL_NULL_CONVERSION = YES;
				CLANG_WARN_OBJC_IMPLICIT_RETAIN_SELF = YES;
				CLANG_WARN_OBJC_LITERAL_CONVERSION = YES;
				CLANG_WARN_OBJC_ROOT_CLASS = YES_ERROR;
				CLANG_WARN_RANGE_LOOP_ANALYSIS = YES;
				CLANG_WARN_STRICT_PROTOTYPES = YES;
				CLANG_WARN_SUSPICIOUS_MOVE = YES;
				CLANG_WARN_UNGUARDED_AVAILABILITY = YES_AGGRESSIVE;
				CLANG_WARN_UNREACHABLE_CODE = YES;
				CLANG_WARN__DUPLICATE_METHOD_MATCH = YES;
				CODE_SIGN_IDENTITY = "iPhone Developer";
				COPY_PHASE_STRIP = NO;
				DEBUG_INFORMATION_FORMAT = "dwarf-with-dsym";
				ENABLE_NS_ASSERTIONS = NO;
				ENABLE_STRICT_OBJC_MSGSEND = YES;
				GCC_C_LANGUAGE_STANDARD = gnu11;
				GCC_NO_COMMON_BLOCKS = YES;
				GCC_WARN_64_TO_32_BIT_CONVERSION = YES;
				GCC_WARN_ABOUT_RETURN_TYPE = YES_ERROR;
				GCC_WARN_UNDECLARED_SELECTOR = YES;
				GCC_WARN_UNINITIALIZED_AUTOS = YES_AGGRESSIVE;
				GCC_WARN_UNUSED_FUNCTION = YES;
				GCC_WARN_UNUSED_VARIABLE = YES;
				IPHONEOS_DEPLOYMENT_TARGET = 12.1;
				MTL_ENABLE_DEBUG_INFO = NO;
				MTL_FAST_MATH = YES;
				SDKROOT = iphoneos;
				VALIDATE_PRODUCT = YES;
			};
			name = Release;
		};
		60A20ABB221CFF8500DB2193 /* Debug */ = {
			isa = XCBuildConfiguration;
			baseConfigurationReference = 63F3699EF4265905771A0FD8 /* Pods-GKPageScrollViewObjc.debug.xcconfig */;
			buildSettings = {
				ASSETCATALOG_COMPILER_APPICON_NAME = AppIcon;
				CODE_SIGN_IDENTITY = "Apple Development: xinjun zhang (DNJGV7XB9Q)";
				CODE_SIGN_STYLE = Manual;
				DEVELOPMENT_TEAM = X52753HQNM;
				GCC_PREFIX_HEADER = GKPageScrollViewObjc/PrefixHeader.pch;
				INFOPLIST_FILE = GKPageScrollViewObjc/Info.plist;
				LD_RUNPATH_SEARCH_PATHS = (
					"$(inherited)",
					"@executable_path/Frameworks",
				);
				PRODUCT_BUNDLE_IDENTIFIER = com.test.pageScrollObjc;
				PRODUCT_NAME = "$(TARGET_NAME)";
				PROVISIONING_PROFILE_SPECIFIER = aystfm_dev_test;
				TARGETED_DEVICE_FAMILY = "1,2";
			};
			name = Debug;
		};
		60A20ABC221CFF8500DB2193 /* Release */ = {
			isa = XCBuildConfiguration;
			baseConfigurationReference = 4386C749590B58507E131C37 /* Pods-GKPageScrollViewObjc.release.xcconfig */;
			buildSettings = {
				ASSETCATALOG_COMPILER_APPICON_NAME = AppIcon;
				CODE_SIGN_IDENTITY = "Apple Development: xinjun zhang (DNJGV7XB9Q)";
				CODE_SIGN_STYLE = Manual;
				DEVELOPMENT_TEAM = X52753HQNM;
				GCC_PREFIX_HEADER = GKPageScrollViewObjc/PrefixHeader.pch;
				INFOPLIST_FILE = GKPageScrollViewObjc/Info.plist;
				LD_RUNPATH_SEARCH_PATHS = (
					"$(inherited)",
					"@executable_path/Frameworks",
				);
				PRODUCT_BUNDLE_IDENTIFIER = com.test.pageScrollObjc;
				PRODUCT_NAME = "$(TARGET_NAME)";
				PROVISIONING_PROFILE_SPECIFIER = aystfm_dev_test;
				TARGETED_DEVICE_FAMILY = "1,2";
			};
			name = Release;
		};
		60A20ABE221CFF8500DB2193 /* Debug */ = {
			isa = XCBuildConfiguration;
			buildSettings = {
				BUNDLE_LOADER = "$(TEST_HOST)";
				CODE_SIGN_STYLE = Automatic;
				INFOPLIST_FILE = GKPageScrollViewObjcTests/Info.plist;
				LD_RUNPATH_SEARCH_PATHS = (
					"$(inherited)",
					"@executable_path/Frameworks",
					"@loader_path/Frameworks",
				);
				PRODUCT_BUNDLE_IDENTIFIER = com.aiyinsitanfm.GKPageScrollViewObjcTests;
				PRODUCT_NAME = "$(TARGET_NAME)";
				TARGETED_DEVICE_FAMILY = "1,2";
				TEST_HOST = "$(BUILT_PRODUCTS_DIR)/GKPageScrollViewObjc.app/GKPageScrollViewObjc";
			};
			name = Debug;
		};
		60A20ABF221CFF8500DB2193 /* Release */ = {
			isa = XCBuildConfiguration;
			buildSettings = {
				BUNDLE_LOADER = "$(TEST_HOST)";
				CODE_SIGN_STYLE = Automatic;
				INFOPLIST_FILE = GKPageScrollViewObjcTests/Info.plist;
				LD_RUNPATH_SEARCH_PATHS = (
					"$(inherited)",
					"@executable_path/Frameworks",
					"@loader_path/Frameworks",
				);
				PRODUCT_BUNDLE_IDENTIFIER = com.aiyinsitanfm.GKPageScrollViewObjcTests;
				PRODUCT_NAME = "$(TARGET_NAME)";
				TARGETED_DEVICE_FAMILY = "1,2";
				TEST_HOST = "$(BUILT_PRODUCTS_DIR)/GKPageScrollViewObjc.app/GKPageScrollViewObjc";
			};
			name = Release;
		};
		60A20AC1221CFF8500DB2193 /* Debug */ = {
			isa = XCBuildConfiguration;
			buildSettings = {
				CODE_SIGN_STYLE = Automatic;
				INFOPLIST_FILE = GKPageScrollViewObjcUITests/Info.plist;
				LD_RUNPATH_SEARCH_PATHS = (
					"$(inherited)",
					"@executable_path/Frameworks",
					"@loader_path/Frameworks",
				);
				PRODUCT_BUNDLE_IDENTIFIER = com.aiyinsitanfm.GKPageScrollViewObjcUITests;
				PRODUCT_NAME = "$(TARGET_NAME)";
				TARGETED_DEVICE_FAMILY = "1,2";
				TEST_TARGET_NAME = GKPageScrollViewObjc;
			};
			name = Debug;
		};
		60A20AC2221CFF8500DB2193 /* Release */ = {
			isa = XCBuildConfiguration;
			buildSettings = {
				CODE_SIGN_STYLE = Automatic;
				INFOPLIST_FILE = GKPageScrollViewObjcUITests/Info.plist;
				LD_RUNPATH_SEARCH_PATHS = (
					"$(inherited)",
					"@executable_path/Frameworks",
					"@loader_path/Frameworks",
				);
				PRODUCT_BUNDLE_IDENTIFIER = com.aiyinsitanfm.GKPageScrollViewObjcUITests;
				PRODUCT_NAME = "$(TARGET_NAME)";
				TARGETED_DEVICE_FAMILY = "1,2";
				TEST_TARGET_NAME = GKPageScrollViewObjc;
			};
			name = Release;
		};
/* End XCBuildConfiguration section */

/* Begin XCConfigurationList section */
		60A20A89221CFF8400DB2193 /* Build configuration list for PBXProject "GKPageScrollViewObjc" */ = {
			isa = XCConfigurationList;
			buildConfigurations = (
				60A20AB8221CFF8500DB2193 /* Debug */,
				60A20AB9221CFF8500DB2193 /* Release */,
			);
			defaultConfigurationIsVisible = 0;
			defaultConfigurationName = Release;
		};
		60A20ABA221CFF8500DB2193 /* Build configuration list for PBXNativeTarget "GKPageScrollViewObjc" */ = {
			isa = XCConfigurationList;
			buildConfigurations = (
				60A20ABB221CFF8500DB2193 /* Debug */,
				60A20ABC221CFF8500DB2193 /* Release */,
			);
			defaultConfigurationIsVisible = 0;
			defaultConfigurationName = Release;
		};
		60A20ABD221CFF8500DB2193 /* Build configuration list for PBXNativeTarget "GKPageScrollViewObjcTests" */ = {
			isa = XCConfigurationList;
			buildConfigurations = (
				60A20ABE221CFF8500DB2193 /* Debug */,
				60A20ABF221CFF8500DB2193 /* Release */,
			);
			defaultConfigurationIsVisible = 0;
			defaultConfigurationName = Release;
		};
		60A20AC0221CFF8500DB2193 /* Build configuration list for PBXNativeTarget "GKPageScrollViewObjcUITests" */ = {
			isa = XCConfigurationList;
			buildConfigurations = (
				60A20AC1221CFF8500DB2193 /* Debug */,
				60A20AC2221CFF8500DB2193 /* Release */,
			);
			defaultConfigurationIsVisible = 0;
			defaultConfigurationName = Release;
		};
/* End XCConfigurationList section */
	};
	rootObject = 60A20A86221CFF8400DB2193 /* Project object */;
}
