// !$*UTF8*$!
{
	archiveVersion = 1;
	classes = {
	};
	objectVersion = 51;
	objects = {

/* Begin PBXBuildFile section */
		19510CD3B30378DAA00FF039 /* Pods_GKPageScrollViewSwift.framework in Frameworks */ = {isa = PBXBuildFile; fileRef = 6AF84D77570853DCA6E94706 /* Pods_GKPageScrollViewSwift.framework */; };
		600891D822A4FD9A002A6D52 /* GKHeaderScrollViewController.swift in Sources */ = {isa = PBXBuildFile; fileRef = 600891D722A4FD9A002A6D52 /* GKHeaderScrollViewController.swift */; };
		600891DA22A4FDBB002A6D52 /* GKHeaderScrollView.swift in Sources */ = {isa = PBXBuildFile; fileRef = 600891D922A4FDBB002A6D52 /* GKHeaderScrollView.swift */; };
		600A95BE235EAFE3009EAA9F /* GKNest2ViewController.swift in Sources */ = {isa = PBXBuildFile; fileRef = 600A95BD235EAFE3009EAA9F /* GKNest2ViewController.swift */; };
		600A95C0235EB04F009EAA9F /* GKNestScrollView.swift in Sources */ = {isa = PBXBuildFile; fileRef = 600A95BF235EB04F009EAA9F /* GKNestScrollView.swift */; };
		600A95C2235EB064009EAA9F /* GKNest2View.swift in Sources */ = {isa = PBXBuildFile; fileRef = 600A95C1235EB064009EAA9F /* GKNest2View.swift */; };
		6036C3D922439A2F000BE576 /* GKItemLoadViewController.swift in Sources */ = {isa = PBXBuildFile; fileRef = 6036C3D822439A2F000BE576 /* GKItemLoadViewController.swift */; };
		603E262F23AC8B7300FFEF28 /* GKTestViewController.swift in Sources */ = {isa = PBXBuildFile; fileRef = 603E262E23AC8B7300FFEF28 /* GKTestViewController.swift */; };
		603EDE4B23599F2D006D135C /* GKNest1ViewController.swift in Sources */ = {isa = PBXBuildFile; fileRef = 603EDE4A23599F2D006D135C /* GKNest1ViewController.swift */; };
		603EDE4D23599F3F006D135C /* GKNestView.swift in Sources */ = {isa = PBXBuildFile; fileRef = 603EDE4C23599F3F006D135C /* GKNestView.swift */; };
		603EDE4F23599F46006D135C /* GKNestListView.swift in Sources */ = {isa = PBXBuildFile; fileRef = 603EDE4E23599F46006D135C /* GKNestListView.swift */; };
		603EDE522359A018006D135C /* GKVTMagicViewController.swift in Sources */ = {isa = PBXBuildFile; fileRef = 603EDE512359A018006D135C /* GKVTMagicViewController.swift */; };
		60A09FCA22390AD6004AE07A /* GKPageListContainerView.swift in Sources */ = {isa = PBXBuildFile; fileRef = 60A09FC922390AD6004AE07A /* GKPageListContainerView.swift */; };
		60A09FCD2239F420004AE07A /* GKListLoadViewController.swift in Sources */ = {isa = PBXBuildFile; fileRef = 60A09FCC2239F420004AE07A /* GKListLoadViewController.swift */; };
		60A20C2B221E77A700DB2193 /* AppDelegate.swift in Sources */ = {isa = PBXBuildFile; fileRef = 60A20C2A221E77A700DB2193 /* AppDelegate.swift */; };
		60A20C2D221E77A700DB2193 /* ViewController.swift in Sources */ = {isa = PBXBuildFile; fileRef = 60A20C2C221E77A700DB2193 /* ViewController.swift */; };
		60A20C30221E77A700DB2193 /* Main.storyboard in Resources */ = {isa = PBXBuildFile; fileRef = 60A20C2E221E77A700DB2193 /* Main.storyboard */; };
		60A20C32221E77A800DB2193 /* Assets.xcassets in Resources */ = {isa = PBXBuildFile; fileRef = 60A20C31221E77A800DB2193 /* Assets.xcassets */; };
		60A20C35221E77A800DB2193 /* LaunchScreen.storyboard in Resources */ = {isa = PBXBuildFile; fileRef = 60A20C33221E77A800DB2193 /* LaunchScreen.storyboard */; };
		60A20C5B221E77FE00DB2193 /* GKPageTableView.swift in Sources */ = {isa = PBXBuildFile; fileRef = 60A20C59221E77FE00DB2193 /* GKPageTableView.swift */; };
		60A20C5C221E77FE00DB2193 /* GKPageScrollView.swift in Sources */ = {isa = PBXBuildFile; fileRef = 60A20C5A221E77FE00DB2193 /* GKPageScrollView.swift */; };
		60A20D0D221E813300DB2193 /* GKDemoBaseViewController.swift in Sources */ = {isa = PBXBuildFile; fileRef = 60A20D0C221E813300DB2193 /* GKDemoBaseViewController.swift */; };
		60A20D0F221E827800DB2193 /* GKBaseTableViewController.swift in Sources */ = {isa = PBXBuildFile; fileRef = 60A20D0E221E827800DB2193 /* GKBaseTableViewController.swift */; };
		60A20D11221E828F00DB2193 /* GKBasePageViewController.swift in Sources */ = {isa = PBXBuildFile; fileRef = 60A20D10221E828F00DB2193 /* GKBasePageViewController.swift */; };
		60A20D13221E829800DB2193 /* GKBaseListViewController.swift in Sources */ = {isa = PBXBuildFile; fileRef = 60A20D12221E829800DB2193 /* GKBaseListViewController.swift */; };
		60A20D15221E918E00DB2193 /* GKWBViewController.swift in Sources */ = {isa = PBXBuildFile; fileRef = 60A20D14221E918E00DB2193 /* GKWBViewController.swift */; };
		60A20D17221E91B900DB2193 /* GKWBListViewController.swift in Sources */ = {isa = PBXBuildFile; fileRef = 60A20D16221E91B900DB2193 /* GKWBListViewController.swift */; };
		60A20D1B221E91CF00DB2193 /* GKWBHeaderView.swift in Sources */ = {isa = PBXBuildFile; fileRef = 60A20D1A221E91CF00DB2193 /* GKWBHeaderView.swift */; };
		60A20D1D221E928B00DB2193 /* GKWBPageViewController.swift in Sources */ = {isa = PBXBuildFile; fileRef = 60A20D1C221E928B00DB2193 /* GKWBPageViewController.swift */; };
		60A20D33221F956B00DB2193 /* GKWYViewController.swift in Sources */ = {isa = PBXBuildFile; fileRef = 60A20D32221F956B00DB2193 /* GKWYViewController.swift */; };
		60A20D35221F958500DB2193 /* GKWYListViewController.swift in Sources */ = {isa = PBXBuildFile; fileRef = 60A20D34221F958500DB2193 /* GKWYListViewController.swift */; };
		60A20D37221F958F00DB2193 /* GKWYHeaderView.swift in Sources */ = {isa = PBXBuildFile; fileRef = 60A20D36221F958F00DB2193 /* GKWYHeaderView.swift */; };
		60A20D3A221F973F00DB2193 /* GKCommon.swift in Sources */ = {isa = PBXBuildFile; fileRef = 60A20D39221F973F00DB2193 /* GKCommon.swift */; };
		60A20D4B2223BACB00DB2193 /* GKWBFindViewController.swift in Sources */ = {isa = PBXBuildFile; fileRef = 60A20D4A2223BACB00DB2193 /* GKWBFindViewController.swift */; };
		60A20D5022256CBC00DB2193 /* GKDYViewController.swift in Sources */ = {isa = PBXBuildFile; fileRef = 60A20D4F22256CBC00DB2193 /* GKDYViewController.swift */; };
		60A20D5222256CC900DB2193 /* GKDYListViewController.swift in Sources */ = {isa = PBXBuildFile; fileRef = 60A20D5122256CC900DB2193 /* GKDYListViewController.swift */; };
		60A20D5422256CD600DB2193 /* GKDYHeaderView.swift in Sources */ = {isa = PBXBuildFile; fileRef = 60A20D5322256CD600DB2193 /* GKDYHeaderView.swift */; };
		60A20D562226611300DB2193 /* GKMainRefreshViewController.swift in Sources */ = {isa = PBXBuildFile; fileRef = 60A20D552226611200DB2193 /* GKMainRefreshViewController.swift */; };
		60A20D582226612C00DB2193 /* GKListRefreshViewController.swift in Sources */ = {isa = PBXBuildFile; fileRef = 60A20D572226612C00DB2193 /* GKListRefreshViewController.swift */; };
		796AB5FA2443326F00C724D4 /* GKPageScrollView.framework in Frameworks */ = {isa = PBXBuildFile; fileRef = 796AB5F12443326F00C724D4 /* GKPageScrollView.framework */; };
		796AB6032443326F00C724D4 /* GKPageScrollView.h in Headers */ = {isa = PBXBuildFile; fileRef = 796AB5F32443326F00C724D4 /* GKPageScrollView.h */; settings = {ATTRIBUTES = (Public, ); }; };
		796AB6062443326F00C724D4 /* GKPageScrollView.framework in Frameworks */ = {isa = PBXBuildFile; fileRef = 796AB5F12443326F00C724D4 /* GKPageScrollView.framework */; };
		796AB6072443326F00C724D4 /* GKPageScrollView.framework in Embed Frameworks */ = {isa = PBXBuildFile; fileRef = 796AB5F12443326F00C724D4 /* GKPageScrollView.framework */; settings = {ATTRIBUTES = (CodeSignOnCopy, RemoveHeadersOnCopy, ); }; };
		79C48BB9243AF94D000B0815 /* GKPageScrollViewSwift.podspec in Resources */ = {isa = PBXBuildFile; fileRef = 79C48BB8243AF94D000B0815 /* GKPageScrollViewSwift.podspec */; };
/* End PBXBuildFile section */

/* Begin PBXContainerItemProxy section */
		60A20C3C221E77A800DB2193 /* PBXContainerItemProxy */ = {
			isa = PBXContainerItemProxy;
			containerPortal = 60A20C1F221E77A700DB2193 /* Project object */;
			proxyType = 1;
			remoteGlobalIDString = 60A20C26221E77A700DB2193;
			remoteInfo = GKPageScrollViewSwift;
		};
		60A20C47221E77A800DB2193 /* PBXContainerItemProxy */ = {
			isa = PBXContainerItemProxy;
			containerPortal = 60A20C1F221E77A700DB2193 /* Project object */;
			proxyType = 1;
			remoteGlobalIDString = 60A20C26221E77A700DB2193;
			remoteInfo = GKPageScrollViewSwift;
		};
		796AB5FB2443326F00C724D4 /* PBXContainerItemProxy */ = {
			isa = PBXContainerItemProxy;
			containerPortal = 60A20C1F221E77A700DB2193 /* Project object */;
			proxyType = 1;
			remoteGlobalIDString = 796AB5F02443326F00C724D4;
			remoteInfo = GKPageScrollView;
		};
		796AB5FD2443326F00C724D4 /* PBXContainerItemProxy */ = {
			isa = PBXContainerItemProxy;
			containerPortal = 60A20C1F221E77A700DB2193 /* Project object */;
			proxyType = 1;
			remoteGlobalIDString = 60A20C26221E77A700DB2193;
			remoteInfo = GKPageScrollViewSwift;
		};
		796AB6042443326F00C724D4 /* PBXContainerItemProxy */ = {
			isa = PBXContainerItemProxy;
			containerPortal = 60A20C1F221E77A700DB2193 /* Project object */;
			proxyType = 1;
			remoteGlobalIDString = 796AB5F02443326F00C724D4;
			remoteInfo = GKPageScrollView;
		};
/* End PBXContainerItemProxy section */

/* Begin PBXCopyFilesBuildPhase section */
		796AB60B2443326F00C724D4 /* Embed Frameworks */ = {
			isa = PBXCopyFilesBuildPhase;
			buildActionMask = 2147483647;
			dstPath = "";
			dstSubfolderSpec = 10;
			files = (
				796AB6072443326F00C724D4 /* GKPageScrollView.framework in Embed Frameworks */,
			);
			name = "Embed Frameworks";
			runOnlyForDeploymentPostprocessing = 0;
		};
/* End PBXCopyFilesBuildPhase section */

/* Begin PBXFileReference section */
		490C3794BF2506265BE4F750 /* Pods-GKPageScrollViewSwift.release.xcconfig */ = {isa = PBXFileReference; includeInIndex = 1; lastKnownFileType = text.xcconfig; name = "Pods-GKPageScrollViewSwift.release.xcconfig"; path = "Target Support Files/Pods-GKPageScrollViewSwift/Pods-GKPageScrollViewSwift.release.xcconfig"; sourceTree = "<group>"; };
		600891D722A4FD9A002A6D52 /* GKHeaderScrollViewController.swift */ = {isa = PBXFileReference; lastKnownFileType = sourcecode.swift; path = GKHeaderScrollViewController.swift; sourceTree = "<group>"; };
		600891D922A4FDBB002A6D52 /* GKHeaderScrollView.swift */ = {isa = PBXFileReference; lastKnownFileType = sourcecode.swift; path = GKHeaderScrollView.swift; sourceTree = "<group>"; };
		600A95BD235EAFE3009EAA9F /* GKNest2ViewController.swift */ = {isa = PBXFileReference; lastKnownFileType = sourcecode.swift; path = GKNest2ViewController.swift; sourceTree = "<group>"; };
		600A95BF235EB04F009EAA9F /* GKNestScrollView.swift */ = {isa = PBXFileReference; lastKnownFileType = sourcecode.swift; path = GKNestScrollView.swift; sourceTree = "<group>"; };
		600A95C1235EB064009EAA9F /* GKNest2View.swift */ = {isa = PBXFileReference; lastKnownFileType = sourcecode.swift; path = GKNest2View.swift; sourceTree = "<group>"; };
		6036C3D822439A2F000BE576 /* GKItemLoadViewController.swift */ = {isa = PBXFileReference; lastKnownFileType = sourcecode.swift; path = GKItemLoadViewController.swift; sourceTree = "<group>"; };
		603E262E23AC8B7300FFEF28 /* GKTestViewController.swift */ = {isa = PBXFileReference; lastKnownFileType = sourcecode.swift; path = GKTestViewController.swift; sourceTree = "<group>"; };
		603EDE4A23599F2D006D135C /* GKNest1ViewController.swift */ = {isa = PBXFileReference; lastKnownFileType = sourcecode.swift; path = GKNest1ViewController.swift; sourceTree = "<group>"; };
		603EDE4C23599F3F006D135C /* GKNestView.swift */ = {isa = PBXFileReference; lastKnownFileType = sourcecode.swift; path = GKNestView.swift; sourceTree = "<group>"; };
		603EDE4E23599F46006D135C /* GKNestListView.swift */ = {isa = PBXFileReference; lastKnownFileType = sourcecode.swift; path = GKNestListView.swift; sourceTree = "<group>"; };
		603EDE512359A018006D135C /* GKVTMagicViewController.swift */ = {isa = PBXFileReference; fileEncoding = 4; lastKnownFileType = sourcecode.swift; path = GKVTMagicViewController.swift; sourceTree = "<group>"; };
		60A09FC922390AD6004AE07A /* GKPageListContainerView.swift */ = {isa = PBXFileReference; fileEncoding = 4; lastKnownFileType = sourcecode.swift; name = GKPageListContainerView.swift; path = ../../../GKPageScrollView/swift/GKPageListContainerView.swift; sourceTree = "<group>"; };
		60A09FCC2239F420004AE07A /* GKListLoadViewController.swift */ = {isa = PBXFileReference; lastKnownFileType = sourcecode.swift; path = GKListLoadViewController.swift; sourceTree = "<group>"; };
		60A20C27221E77A700DB2193 /* GKPageScrollViewSwift.app */ = {isa = PBXFileReference; explicitFileType = wrapper.application; includeInIndex = 0; path = GKPageScrollViewSwift.app; sourceTree = BUILT_PRODUCTS_DIR; };
		60A20C2A221E77A700DB2193 /* AppDelegate.swift */ = {isa = PBXFileReference; lastKnownFileType = sourcecode.swift; path = AppDelegate.swift; sourceTree = "<group>"; };
		60A20C2C221E77A700DB2193 /* ViewController.swift */ = {isa = PBXFileReference; lastKnownFileType = sourcecode.swift; path = ViewController.swift; sourceTree = "<group>"; };
		60A20C2F221E77A700DB2193 /* Base */ = {isa = PBXFileReference; lastKnownFileType = file.storyboard; name = Base; path = Base.lproj/Main.storyboard; sourceTree = "<group>"; };
		60A20C31221E77A800DB2193 /* Assets.xcassets */ = {isa = PBXFileReference; lastKnownFileType = folder.assetcatalog; path = Assets.xcassets; sourceTree = "<group>"; };
		60A20C34221E77A800DB2193 /* Base */ = {isa = PBXFileReference; lastKnownFileType = file.storyboard; name = Base; path = Base.lproj/LaunchScreen.storyboard; sourceTree = "<group>"; };
		60A20C36221E77A800DB2193 /* Info.plist */ = {isa = PBXFileReference; lastKnownFileType = text.plist.xml; path = Info.plist; sourceTree = "<group>"; };
		60A20C3B221E77A800DB2193 /* GKPageScrollViewSwiftTests.xctest */ = {isa = PBXFileReference; explicitFileType = wrapper.cfbundle; includeInIndex = 0; path = GKPageScrollViewSwiftTests.xctest; sourceTree = BUILT_PRODUCTS_DIR; };
		60A20C46221E77A800DB2193 /* GKPageScrollViewSwiftUITests.xctest */ = {isa = PBXFileReference; explicitFileType = wrapper.cfbundle; includeInIndex = 0; path = GKPageScrollViewSwiftUITests.xctest; sourceTree = BUILT_PRODUCTS_DIR; };
		60A20C59221E77FE00DB2193 /* GKPageTableView.swift */ = {isa = PBXFileReference; fileEncoding = 4; lastKnownFileType = sourcecode.swift; name = GKPageTableView.swift; path = ../../../GKPageScrollView/swift/GKPageTableView.swift; sourceTree = "<group>"; };
		60A20C5A221E77FE00DB2193 /* GKPageScrollView.swift */ = {isa = PBXFileReference; fileEncoding = 4; lastKnownFileType = sourcecode.swift; name = GKPageScrollView.swift; path = ../../../GKPageScrollView/swift/GKPageScrollView.swift; sourceTree = "<group>"; };
		60A20CBA221E78D300DB2193 /* libGKNavigationBarViewController.a */ = {isa = PBXFileReference; explicitFileType = archive.ar; path = libGKNavigationBarViewController.a; sourceTree = BUILT_PRODUCTS_DIR; };
		60A20CBC221E78D300DB2193 /* libMJRefresh.a */ = {isa = PBXFileReference; explicitFileType = archive.ar; path = libMJRefresh.a; sourceTree = BUILT_PRODUCTS_DIR; };
		60A20CBE221E78D300DB2193 /* libSnapKit.a */ = {isa = PBXFileReference; explicitFileType = archive.ar; path = libSnapKit.a; sourceTree = BUILT_PRODUCTS_DIR; };
		60A20CC0221E78D300DB2193 /* libWMPageController.a */ = {isa = PBXFileReference; explicitFileType = archive.ar; path = libWMPageController.a; sourceTree = BUILT_PRODUCTS_DIR; };
		60A20CC2221E78F500DB2193 /* libGKNavigationBarViewController.a */ = {isa = PBXFileReference; explicitFileType = archive.ar; path = libGKNavigationBarViewController.a; sourceTree = BUILT_PRODUCTS_DIR; };
		60A20D00221E7F0000DB2193 /* GKPageScrollViewSwift-Bridging-Header.h */ = {isa = PBXFileReference; lastKnownFileType = sourcecode.c.h; path = "GKPageScrollViewSwift-Bridging-Header.h"; sourceTree = "<group>"; };
		60A20D0C221E813300DB2193 /* GKDemoBaseViewController.swift */ = {isa = PBXFileReference; lastKnownFileType = sourcecode.swift; path = GKDemoBaseViewController.swift; sourceTree = "<group>"; };
		60A20D0E221E827800DB2193 /* GKBaseTableViewController.swift */ = {isa = PBXFileReference; lastKnownFileType = sourcecode.swift; path = GKBaseTableViewController.swift; sourceTree = "<group>"; };
		60A20D10221E828F00DB2193 /* GKBasePageViewController.swift */ = {isa = PBXFileReference; lastKnownFileType = sourcecode.swift; path = GKBasePageViewController.swift; sourceTree = "<group>"; };
		60A20D12221E829800DB2193 /* GKBaseListViewController.swift */ = {isa = PBXFileReference; lastKnownFileType = sourcecode.swift; path = GKBaseListViewController.swift; sourceTree = "<group>"; };
		60A20D14221E918E00DB2193 /* GKWBViewController.swift */ = {isa = PBXFileReference; lastKnownFileType = sourcecode.swift; path = GKWBViewController.swift; sourceTree = "<group>"; };
		60A20D16221E91B900DB2193 /* GKWBListViewController.swift */ = {isa = PBXFileReference; lastKnownFileType = sourcecode.swift; path = GKWBListViewController.swift; sourceTree = "<group>"; };
		60A20D1A221E91CF00DB2193 /* GKWBHeaderView.swift */ = {isa = PBXFileReference; lastKnownFileType = sourcecode.swift; path = GKWBHeaderView.swift; sourceTree = "<group>"; };
		60A20D1C221E928B00DB2193 /* GKWBPageViewController.swift */ = {isa = PBXFileReference; lastKnownFileType = sourcecode.swift; path = GKWBPageViewController.swift; sourceTree = "<group>"; };
		60A20D32221F956B00DB2193 /* GKWYViewController.swift */ = {isa = PBXFileReference; lastKnownFileType = sourcecode.swift; path = GKWYViewController.swift; sourceTree = "<group>"; };
		60A20D34221F958500DB2193 /* GKWYListViewController.swift */ = {isa = PBXFileReference; lastKnownFileType = sourcecode.swift; path = GKWYListViewController.swift; sourceTree = "<group>"; };
		60A20D36221F958F00DB2193 /* GKWYHeaderView.swift */ = {isa = PBXFileReference; lastKnownFileType = sourcecode.swift; path = GKWYHeaderView.swift; sourceTree = "<group>"; };
		60A20D39221F973F00DB2193 /* GKCommon.swift */ = {isa = PBXFileReference; lastKnownFileType = sourcecode.swift; path = GKCommon.swift; sourceTree = "<group>"; };
		60A20D4A2223BACB00DB2193 /* GKWBFindViewController.swift */ = {isa = PBXFileReference; lastKnownFileType = sourcecode.swift; path = GKWBFindViewController.swift; sourceTree = "<group>"; };
		60A20D4F22256CBC00DB2193 /* GKDYViewController.swift */ = {isa = PBXFileReference; lastKnownFileType = sourcecode.swift; path = GKDYViewController.swift; sourceTree = "<group>"; };
		60A20D5122256CC900DB2193 /* GKDYListViewController.swift */ = {isa = PBXFileReference; lastKnownFileType = sourcecode.swift; path = GKDYListViewController.swift; sourceTree = "<group>"; };
		60A20D5322256CD600DB2193 /* GKDYHeaderView.swift */ = {isa = PBXFileReference; lastKnownFileType = sourcecode.swift; path = GKDYHeaderView.swift; sourceTree = "<group>"; };
		60A20D552226611200DB2193 /* GKMainRefreshViewController.swift */ = {isa = PBXFileReference; lastKnownFileType = sourcecode.swift; path = GKMainRefreshViewController.swift; sourceTree = "<group>"; };
		60A20D572226612C00DB2193 /* GKListRefreshViewController.swift */ = {isa = PBXFileReference; lastKnownFileType = sourcecode.swift; path = GKListRefreshViewController.swift; sourceTree = "<group>"; };
		6AF84D77570853DCA6E94706 /* Pods_GKPageScrollViewSwift.framework */ = {isa = PBXFileReference; explicitFileType = wrapper.framework; includeInIndex = 0; path = Pods_GKPageScrollViewSwift.framework; sourceTree = BUILT_PRODUCTS_DIR; };
		796AB5F12443326F00C724D4 /* GKPageScrollView.framework */ = {isa = PBXFileReference; explicitFileType = wrapper.framework; includeInIndex = 0; path = GKPageScrollView.framework; sourceTree = BUILT_PRODUCTS_DIR; };
		796AB5F32443326F00C724D4 /* GKPageScrollView.h */ = {isa = PBXFileReference; lastKnownFileType = sourcecode.c.h; path = GKPageScrollView.h; sourceTree = "<group>"; };
		796AB5F42443326F00C724D4 /* Info.plist */ = {isa = PBXFileReference; lastKnownFileType = text.plist.xml; path = Info.plist; sourceTree = "<group>"; };
		796AB5F92443326F00C724D4 /* GKPageScrollViewTests.xctest */ = {isa = PBXFileReference; explicitFileType = wrapper.cfbundle; includeInIndex = 0; path = GKPageScrollViewTests.xctest; sourceTree = BUILT_PRODUCTS_DIR; };
		79C48BB8243AF94D000B0815 /* GKPageScrollViewSwift.podspec */ = {isa = PBXFileReference; fileEncoding = 4; lastKnownFileType = text; name = GKPageScrollViewSwift.podspec; path = ../../GKPageScrollViewSwift.podspec; sourceTree = "<group>"; };
		F94C926241763436B8AA17A8 /* Pods-GKPageScrollViewSwift.debug.xcconfig */ = {isa = PBXFileReference; includeInIndex = 1; lastKnownFileType = text.xcconfig; name = "Pods-GKPageScrollViewSwift.debug.xcconfig"; path = "Target Support Files/Pods-GKPageScrollViewSwift/Pods-GKPageScrollViewSwift.debug.xcconfig"; sourceTree = "<group>"; };
/* End PBXFileReference section */

/* Begin PBXFrameworksBuildPhase section */
		60A20C24221E77A700DB2193 /* Frameworks */ = {
			isa = PBXFrameworksBuildPhase;
			buildActionMask = 2147483647;
			files = (
				19510CD3B30378DAA00FF039 /* Pods_GKPageScrollViewSwift.framework in Frameworks */,
				796AB6062443326F00C724D4 /* GKPageScrollView.framework in Frameworks */,
			);
			runOnlyForDeploymentPostprocessing = 0;
		};
		60A20C38221E77A800DB2193 /* Frameworks */ = {
			isa = PBXFrameworksBuildPhase;
			buildActionMask = 2147483647;
			files = (
			);
			runOnlyForDeploymentPostprocessing = 0;
		};
		60A20C43221E77A800DB2193 /* Frameworks */ = {
			isa = PBXFrameworksBuildPhase;
			buildActionMask = 2147483647;
			files = (
			);
			runOnlyForDeploymentPostprocessing = 0;
		};
		796AB5EE2443326F00C724D4 /* Frameworks */ = {
			isa = PBXFrameworksBuildPhase;
			buildActionMask = 2147483647;
			files = (
			);
			runOnlyForDeploymentPostprocessing = 0;
		};
		796AB5F62443326F00C724D4 /* Frameworks */ = {
			isa = PBXFrameworksBuildPhase;
			buildActionMask = 2147483647;
			files = (
				796AB5FA2443326F00C724D4 /* GKPageScrollView.framework in Frameworks */,
			);
			runOnlyForDeploymentPostprocessing = 0;
		};
/* End PBXFrameworksBuildPhase section */

/* Begin PBXGroup section */
		2D3BB49EA7CF77ECC9D63661 /* Pods */ = {
			isa = PBXGroup;
			children = (
				F94C926241763436B8AA17A8 /* Pods-GKPageScrollViewSwift.debug.xcconfig */,
				490C3794BF2506265BE4F750 /* Pods-GKPageScrollViewSwift.release.xcconfig */,
			);
			name = Pods;
			path = ../Pods;
			sourceTree = "<group>";
		};
		600891D622A4FD4F002A6D52 /* HeaderScroll */ = {
			isa = PBXGroup;
			children = (
				600891D722A4FD9A002A6D52 /* GKHeaderScrollViewController.swift */,
				600891D922A4FDBB002A6D52 /* GKHeaderScrollView.swift */,
			);
			path = HeaderScroll;
			sourceTree = "<group>";
		};
		6036C3D722439A0A000BE576 /* ItemLoad */ = {
			isa = PBXGroup;
			children = (
				6036C3D822439A2F000BE576 /* GKItemLoadViewController.swift */,
			);
			path = ItemLoad;
			sourceTree = "<group>";
		};
		603EDE47235992B6006D135C /* Nest */ = {
			isa = PBXGroup;
			children = (
				603EDE4A23599F2D006D135C /* GKNest1ViewController.swift */,
				600A95BD235EAFE3009EAA9F /* GKNest2ViewController.swift */,
				600A95BF235EB04F009EAA9F /* GKNestScrollView.swift */,
				603EDE4C23599F3F006D135C /* GKNestView.swift */,
				600A95C1235EB064009EAA9F /* GKNest2View.swift */,
				603EDE4E23599F46006D135C /* GKNestListView.swift */,
			);
			path = Nest;
			sourceTree = "<group>";
		};
		603EDE502359A00A006D135C /* VTMagic */ = {
			isa = PBXGroup;
			children = (
				603EDE512359A018006D135C /* GKVTMagicViewController.swift */,
			);
			path = VTMagic;
			sourceTree = "<group>";
		};
		60A09FCB2239F3F9004AE07A /* ListLoad */ = {
			isa = PBXGroup;
			children = (
				60A09FCC2239F420004AE07A /* GKListLoadViewController.swift */,
			);
			path = ListLoad;
			sourceTree = "<group>";
		};
		60A20C1E221E77A700DB2193 = {
			isa = PBXGroup;
			children = (
				60A20C29221E77A700DB2193 /* GKPageScrollViewSwift */,
				796AB5F22443326F00C724D4 /* GKPageScrollView */,
				60A20C28221E77A700DB2193 /* Products */,
				2D3BB49EA7CF77ECC9D63661 /* Pods */,
				AD9C4495DC5A2FBDD815ADA8 /* Frameworks */,
			);
			sourceTree = "<group>";
		};
		60A20C28221E77A700DB2193 /* Products */ = {
			isa = PBXGroup;
			children = (
				60A20C27221E77A700DB2193 /* GKPageScrollViewSwift.app */,
				60A20C3B221E77A800DB2193 /* GKPageScrollViewSwiftTests.xctest */,
				60A20C46221E77A800DB2193 /* GKPageScrollViewSwiftUITests.xctest */,
				796AB5F12443326F00C724D4 /* GKPageScrollView.framework */,
				796AB5F92443326F00C724D4 /* GKPageScrollViewTests.xctest */,
			);
			name = Products;
			sourceTree = "<group>";
		};
		60A20C29221E77A700DB2193 /* GKPageScrollViewSwift */ = {
			isa = PBXGroup;
			children = (
				60A20C58221E77C500DB2193 /* GKPageScrollView */,
				60A20D04221E80AA00DB2193 /* Demo */,
				60A20C2A221E77A700DB2193 /* AppDelegate.swift */,
				60A20C2C221E77A700DB2193 /* ViewController.swift */,
				60A20C2E221E77A700DB2193 /* Main.storyboard */,
				60A20C31221E77A800DB2193 /* Assets.xcassets */,
				60A20C33221E77A800DB2193 /* LaunchScreen.storyboard */,
				60A20C36221E77A800DB2193 /* Info.plist */,
				60A20D00221E7F0000DB2193 /* GKPageScrollViewSwift-Bridging-Header.h */,
				60A20D39221F973F00DB2193 /* GKCommon.swift */,
				79C48BB8243AF94D000B0815 /* GKPageScrollViewSwift.podspec */,
			);
			path = GKPageScrollViewSwift;
			sourceTree = "<group>";
		};
		60A20C58221E77C500DB2193 /* GKPageScrollView */ = {
			isa = PBXGroup;
			children = (
				60A20C5A221E77FE00DB2193 /* GKPageScrollView.swift */,
				60A20C59221E77FE00DB2193 /* GKPageTableView.swift */,
				60A09FC922390AD6004AE07A /* GKPageListContainerView.swift */,
			);
			path = GKPageScrollView;
			sourceTree = "<group>";
		};
		60A20D04221E80AA00DB2193 /* Demo */ = {
			isa = PBXGroup;
			children = (
				60A20D05221E80B700DB2193 /* Base */,
				60A20D06221E80BD00DB2193 /* 微博 */,
				60A20D08221E80C900DB2193 /* 网易云音乐 */,
				60A20D07221E80C200DB2193 /* 抖音 */,
				60A20D09221E80CE00DB2193 /* MainRefresh */,
				60A20D0A221E80D400DB2193 /* ListRefresh */,
				60A09FCB2239F3F9004AE07A /* ListLoad */,
				6036C3D722439A0A000BE576 /* ItemLoad */,
				600891D622A4FD4F002A6D52 /* HeaderScroll */,
				603EDE502359A00A006D135C /* VTMagic */,
				603EDE47235992B6006D135C /* Nest */,
				60A20D0B221E80DB00DB2193 /* Test */,
			);
			path = Demo;
			sourceTree = "<group>";
		};
		60A20D05221E80B700DB2193 /* Base */ = {
			isa = PBXGroup;
			children = (
				60A20D0C221E813300DB2193 /* GKDemoBaseViewController.swift */,
				60A20D0E221E827800DB2193 /* GKBaseTableViewController.swift */,
				60A20D10221E828F00DB2193 /* GKBasePageViewController.swift */,
				60A20D12221E829800DB2193 /* GKBaseListViewController.swift */,
			);
			path = Base;
			sourceTree = "<group>";
		};
		60A20D06221E80BD00DB2193 /* 微博 */ = {
			isa = PBXGroup;
			children = (
				60A20D14221E918E00DB2193 /* GKWBViewController.swift */,
				60A20D4A2223BACB00DB2193 /* GKWBFindViewController.swift */,
				60A20D16221E91B900DB2193 /* GKWBListViewController.swift */,
				60A20D1C221E928B00DB2193 /* GKWBPageViewController.swift */,
				60A20D1A221E91CF00DB2193 /* GKWBHeaderView.swift */,
			);
			path = "微博";
			sourceTree = "<group>";
		};
		60A20D07221E80C200DB2193 /* 抖音 */ = {
			isa = PBXGroup;
			children = (
				60A20D4F22256CBC00DB2193 /* GKDYViewController.swift */,
				60A20D5122256CC900DB2193 /* GKDYListViewController.swift */,
				60A20D5322256CD600DB2193 /* GKDYHeaderView.swift */,
			);
			path = "抖音";
			sourceTree = "<group>";
		};
		60A20D08221E80C900DB2193 /* 网易云音乐 */ = {
			isa = PBXGroup;
			children = (
				60A20D32221F956B00DB2193 /* GKWYViewController.swift */,
				60A20D34221F958500DB2193 /* GKWYListViewController.swift */,
				60A20D36221F958F00DB2193 /* GKWYHeaderView.swift */,
			);
			path = "网易云音乐";
			sourceTree = "<group>";
		};
		60A20D09221E80CE00DB2193 /* MainRefresh */ = {
			isa = PBXGroup;
			children = (
				60A20D552226611200DB2193 /* GKMainRefreshViewController.swift */,
			);
			path = MainRefresh;
			sourceTree = "<group>";
		};
		60A20D0A221E80D400DB2193 /* ListRefresh */ = {
			isa = PBXGroup;
			children = (
				60A20D572226612C00DB2193 /* GKListRefreshViewController.swift */,
			);
			path = ListRefresh;
			sourceTree = "<group>";
		};
		60A20D0B221E80DB00DB2193 /* Test */ = {
			isa = PBXGroup;
			children = (
				603E262E23AC8B7300FFEF28 /* GKTestViewController.swift */,
			);
			path = Test;
			sourceTree = "<group>";
		};
		796AB5F22443326F00C724D4 /* GKPageScrollView */ = {
			isa = PBXGroup;
			children = (
				796AB5F32443326F00C724D4 /* GKPageScrollView.h */,
				796AB5F42443326F00C724D4 /* Info.plist */,
			);
			path = GKPageScrollView;
			sourceTree = "<group>";
		};
		AD9C4495DC5A2FBDD815ADA8 /* Frameworks */ = {
			isa = PBXGroup;
			children = (
				60A20CC2221E78F500DB2193 /* libGKNavigationBarViewController.a */,
				60A20CBA221E78D300DB2193 /* libGKNavigationBarViewController.a */,
				60A20CBC221E78D300DB2193 /* libMJRefresh.a */,
				60A20CBE221E78D300DB2193 /* libSnapKit.a */,
				60A20CC0221E78D300DB2193 /* libWMPageController.a */,
				6AF84D77570853DCA6E94706 /* Pods_GKPageScrollViewSwift.framework */,
			);
			name = Frameworks;
			sourceTree = "<group>";
		};
/* End PBXGroup section */

/* Begin PBXHeadersBuildPhase section */
		796AB5EC2443326F00C724D4 /* Headers */ = {
			isa = PBXHeadersBuildPhase;
			buildActionMask = 2147483647;
			files = (
				796AB6032443326F00C724D4 /* GKPageScrollView.h in Headers */,
			);
			runOnlyForDeploymentPostprocessing = 0;
		};
/* End PBXHeadersBuildPhase section */

/* Begin PBXNativeTarget section */
		60A20C26221E77A700DB2193 /* GKPageScrollViewSwift */ = {
			isa = PBXNativeTarget;
			buildConfigurationList = 60A20C4F221E77A800DB2193 /* Build configuration list for PBXNativeTarget "GKPageScrollViewSwift" */;
			buildPhases = (
				0EE27D26A2E01EB534D5FCF2 /* [CP] Check Pods Manifest.lock */,
				60A20C23221E77A700DB2193 /* Sources */,
				60A20C24221E77A700DB2193 /* Frameworks */,
				60A20C25221E77A700DB2193 /* Resources */,
				A5FC5F38A1F919417C158BDA /* [CP] Embed Pods Frameworks */,
				796AB60B2443326F00C724D4 /* Embed Frameworks */,
			);
			buildRules = (
			);
			dependencies = (
				796AB6052443326F00C724D4 /* PBXTargetDependency */,
			);
			name = GKPageScrollViewSwift;
			productName = GKPageScrollViewSwift;
			productReference = 60A20C27221E77A700DB2193 /* GKPageScrollViewSwift.app */;
			productType = "com.apple.product-type.application";
		};
		60A20C3A221E77A800DB2193 /* GKPageScrollViewSwiftTests */ = {
			isa = PBXNativeTarget;
			buildConfigurationList = 60A20C52221E77A800DB2193 /* Build configuration list for PBXNativeTarget "GKPageScrollViewSwiftTests" */;
			buildPhases = (
				60A20C37221E77A800DB2193 /* Sources */,
				60A20C38221E77A800DB2193 /* Frameworks */,
				60A20C39221E77A800DB2193 /* Resources */,
			);
			buildRules = (
			);
			dependencies = (
				60A20C3D221E77A800DB2193 /* PBXTargetDependency */,
			);
			name = GKPageScrollViewSwiftTests;
			productName = GKPageScrollViewSwiftTests;
			productReference = 60A20C3B221E77A800DB2193 /* GKPageScrollViewSwiftTests.xctest */;
			productType = "com.apple.product-type.bundle.unit-test";
		};
		60A20C45221E77A800DB2193 /* GKPageScrollViewSwiftUITests */ = {
			isa = PBXNativeTarget;
			buildConfigurationList = 60A20C55221E77A800DB2193 /* Build configuration list for PBXNativeTarget "GKPageScrollViewSwiftUITests" */;
			buildPhases = (
				60A20C42221E77A800DB2193 /* Sources */,
				60A20C43221E77A800DB2193 /* Frameworks */,
				60A20C44221E77A800DB2193 /* Resources */,
			);
			buildRules = (
			);
			dependencies = (
				60A20C48221E77A800DB2193 /* PBXTargetDependency */,
			);
			name = GKPageScrollViewSwiftUITests;
			productName = GKPageScrollViewSwiftUITests;
			productReference = 60A20C46221E77A800DB2193 /* GKPageScrollViewSwiftUITests.xctest */;
			productType = "com.apple.product-type.bundle.ui-testing";
		};
		796AB5F02443326F00C724D4 /* GKPageScrollView */ = {
			isa = PBXNativeTarget;
			buildConfigurationList = 796AB6082443326F00C724D4 /* Build configuration list for PBXNativeTarget "GKPageScrollView" */;
			buildPhases = (
				796AB5EC2443326F00C724D4 /* Headers */,
				796AB5ED2443326F00C724D4 /* Sources */,
				796AB5EE2443326F00C724D4 /* Frameworks */,
				796AB5EF2443326F00C724D4 /* Resources */,
			);
			buildRules = (
			);
			dependencies = (
			);
			name = GKPageScrollView;
			productName = GKPageScrollView;
			productReference = 796AB5F12443326F00C724D4 /* GKPageScrollView.framework */;
			productType = "com.apple.product-type.framework";
		};
		796AB5F82443326F00C724D4 /* GKPageScrollViewTests */ = {
			isa = PBXNativeTarget;
			buildConfigurationList = 796AB60C2443326F00C724D4 /* Build configuration list for PBXNativeTarget "GKPageScrollViewTests" */;
			buildPhases = (
				796AB5F52443326F00C724D4 /* Sources */,
				796AB5F62443326F00C724D4 /* Frameworks */,
				796AB5F72443326F00C724D4 /* Resources */,
			);
			buildRules = (
			);
			dependencies = (
				796AB5FC2443326F00C724D4 /* PBXTargetDependency */,
				796AB5FE2443326F00C724D4 /* PBXTargetDependency */,
			);
			name = GKPageScrollViewTests;
			productName = GKPageScrollViewTests;
			productReference = 796AB5F92443326F00C724D4 /* GKPageScrollViewTests.xctest */;
			productType = "com.apple.product-type.bundle.unit-test";
		};
/* End PBXNativeTarget section */

/* Begin PBXProject section */
		60A20C1F221E77A700DB2193 /* Project object */ = {
			isa = PBXProject;
			attributes = {
				DefaultBuildSystemTypeForWorkspace = Latest;
				LastSwiftUpdateCheck = 1140;
				LastUpgradeCheck = 1110;
				ORGANIZATIONNAME = gaokun;
				TargetAttributes = {
					60A20C26221E77A700DB2193 = {
						CreatedOnToolsVersion = 10.1;
						LastSwiftMigration = 1020;
					};
					60A20C3A221E77A800DB2193 = {
						CreatedOnToolsVersion = 10.1;
						LastSwiftMigration = 1020;
						TestTargetID = 60A20C26221E77A700DB2193;
					};
					60A20C45221E77A800DB2193 = {
						CreatedOnToolsVersion = 10.1;
						LastSwiftMigration = 1020;
						TestTargetID = 60A20C26221E77A700DB2193;
					};
					796AB5F02443326F00C724D4 = {
						CreatedOnToolsVersion = 11.4;
					};
					796AB5F82443326F00C724D4 = {
						CreatedOnToolsVersion = 11.4;
						TestTargetID = 60A20C26221E77A700DB2193;
					};
				};
			};
			buildConfigurationList = 60A20C22221E77A700DB2193 /* Build configuration list for PBXProject "GKPageScrollViewSwift" */;
			compatibilityVersion = "Xcode 9.3";
			developmentRegion = en;
			hasScannedForEncodings = 0;
			knownRegions = (
				en,
				Base,
			);
			mainGroup = 60A20C1E221E77A700DB2193;
			productRefGroup = 60A20C28221E77A700DB2193 /* Products */;
			projectDirPath = "";
			projectRoot = "";
			targets = (
				60A20C26221E77A700DB2193 /* GKPageScrollViewSwift */,
				60A20C3A221E77A800DB2193 /* GKPageScrollViewSwiftTests */,
				60A20C45221E77A800DB2193 /* GKPageScrollViewSwiftUITests */,
				796AB5F02443326F00C724D4 /* GKPageScrollView */,
				796AB5F82443326F00C724D4 /* GKPageScrollViewTests */,
			);
		};
/* End PBXProject section */

/* Begin PBXResourcesBuildPhase section */
		60A20C25221E77A700DB2193 /* Resources */ = {
			isa = PBXResourcesBuildPhase;
			buildActionMask = 2147483647;
			files = (
				60A20C35221E77A800DB2193 /* LaunchScreen.storyboard in Resources */,
				60A20C32221E77A800DB2193 /* Assets.xcassets in Resources */,
				60A20C30221E77A700DB2193 /* Main.storyboard in Resources */,
				79C48BB9243AF94D000B0815 /* GKPageScrollViewSwift.podspec in Resources */,
			);
			runOnlyForDeploymentPostprocessing = 0;
		};
		60A20C39221E77A800DB2193 /* Resources */ = {
			isa = PBXResourcesBuildPhase;
			buildActionMask = 2147483647;
			files = (
			);
			runOnlyForDeploymentPostprocessing = 0;
		};
		60A20C44221E77A800DB2193 /* Resources */ = {
			isa = PBXResourcesBuildPhase;
			buildActionMask = 2147483647;
			files = (
			);
			runOnlyForDeploymentPostprocessing = 0;
		};
		796AB5EF2443326F00C724D4 /* Resources */ = {
			isa = PBXResourcesBuildPhase;
			buildActionMask = 2147483647;
			files = (
			);
			runOnlyForDeploymentPostprocessing = 0;
		};
		796AB5F72443326F00C724D4 /* Resources */ = {
			isa = PBXResourcesBuildPhase;
			buildActionMask = 2147483647;
			files = (
			);
			runOnlyForDeploymentPostprocessing = 0;
		};
/* End PBXResourcesBuildPhase section */

/* Begin PBXShellScriptBuildPhase section */
		0EE27D26A2E01EB534D5FCF2 /* [CP] Check Pods Manifest.lock */ = {
			isa = PBXShellScriptBuildPhase;
			buildActionMask = 2147483647;
			files = (
			);
			inputFileListPaths = (
			);
			inputPaths = (
				"${PODS_PODFILE_DIR_PATH}/Podfile.lock",
				"${PODS_ROOT}/Manifest.lock",
			);
			name = "[CP] Check Pods Manifest.lock";
			outputFileListPaths = (
			);
			outputPaths = (
				"$(DERIVED_FILE_DIR)/Pods-GKPageScrollViewSwift-checkManifestLockResult.txt",
			);
			runOnlyForDeploymentPostprocessing = 0;
			shellPath = /bin/sh;
			shellScript = "diff \"${PODS_PODFILE_DIR_PATH}/Podfile.lock\" \"${PODS_ROOT}/Manifest.lock\" > /dev/null\nif [ $? != 0 ] ; then\n    # print error to STDERR\n    echo \"error: The sandbox is not in sync with the Podfile.lock. Run 'pod install' or update your CocoaPods installation.\" >&2\n    exit 1\nfi\n# This output is used by Xcode 'outputs' to avoid re-running this script phase.\necho \"SUCCESS\" > \"${SCRIPT_OUTPUT_FILE_0}\"\n";
			showEnvVarsInLog = 0;
		};
		A5FC5F38A1F919417C158BDA /* [CP] Embed Pods Frameworks */ = {
			isa = PBXShellScriptBuildPhase;
			buildActionMask = 2147483647;
			files = (
			);
			inputFileListPaths = (
				"${PODS_ROOT}/Target Support Files/Pods-GKPageScrollViewSwift/Pods-GKPageScrollViewSwift-frameworks-${CONFIGURATION}-input-files.xcfilelist",
			);
			name = "[CP] Embed Pods Frameworks";
			outputFileListPaths = (
				"${PODS_ROOT}/Target Support Files/Pods-GKPageScrollViewSwift/Pods-GKPageScrollViewSwift-frameworks-${CONFIGURATION}-output-files.xcfilelist",
			);
			runOnlyForDeploymentPostprocessing = 0;
			shellPath = /bin/sh;
			shellScript = "\"${PODS_ROOT}/Target Support Files/Pods-GKPageScrollViewSwift/Pods-GKPageScrollViewSwift-frameworks.sh\"\n";
			showEnvVarsInLog = 0;
		};
/* End PBXShellScriptBuildPhase section */

/* Begin PBXSourcesBuildPhase section */
		60A20C23221E77A700DB2193 /* Sources */ = {
			isa = PBXSourcesBuildPhase;
			buildActionMask = 2147483647;
			files = (
				60A20D37221F958F00DB2193 /* GKWYHeaderView.swift in Sources */,
				60A20D11221E828F00DB2193 /* GKBasePageViewController.swift in Sources */,
				60A20D3A221F973F00DB2193 /* GKCommon.swift in Sources */,
				60A09FCA22390AD6004AE07A /* GKPageListContainerView.swift in Sources */,
				603EDE4B23599F2D006D135C /* GKNest1ViewController.swift in Sources */,
				60A20D5022256CBC00DB2193 /* GKDYViewController.swift in Sources */,
				60A20D0D221E813300DB2193 /* GKDemoBaseViewController.swift in Sources */,
				60A20D582226612C00DB2193 /* GKListRefreshViewController.swift in Sources */,
				60A20D5222256CC900DB2193 /* GKDYListViewController.swift in Sources */,
				603E262F23AC8B7300FFEF28 /* GKTestViewController.swift in Sources */,
				600A95C2235EB064009EAA9F /* GKNest2View.swift in Sources */,
				60A20C2D221E77A700DB2193 /* ViewController.swift in Sources */,
				600A95C0235EB04F009EAA9F /* GKNestScrollView.swift in Sources */,
				60A09FCD2239F420004AE07A /* GKListLoadViewController.swift in Sources */,
				60A20D33221F956B00DB2193 /* GKWYViewController.swift in Sources */,
				60A20D35221F958500DB2193 /* GKWYListViewController.swift in Sources */,
				60A20D1B221E91CF00DB2193 /* GKWBHeaderView.swift in Sources */,
				60A20D4B2223BACB00DB2193 /* GKWBFindViewController.swift in Sources */,
				60A20D17221E91B900DB2193 /* GKWBListViewController.swift in Sources */,
				60A20C5B221E77FE00DB2193 /* GKPageTableView.swift in Sources */,
				60A20D5422256CD600DB2193 /* GKDYHeaderView.swift in Sources */,
				60A20C5C221E77FE00DB2193 /* GKPageScrollView.swift in Sources */,
				600891DA22A4FDBB002A6D52 /* GKHeaderScrollView.swift in Sources */,
				6036C3D922439A2F000BE576 /* GKItemLoadViewController.swift in Sources */,
				60A20C2B221E77A700DB2193 /* AppDelegate.swift in Sources */,
				603EDE4D23599F3F006D135C /* GKNestView.swift in Sources */,
				603EDE522359A018006D135C /* GKVTMagicViewController.swift in Sources */,
				60A20D15221E918E00DB2193 /* GKWBViewController.swift in Sources */,
				603EDE4F23599F46006D135C /* GKNestListView.swift in Sources */,
				60A20D0F221E827800DB2193 /* GKBaseTableViewController.swift in Sources */,
				600A95BE235EAFE3009EAA9F /* GKNest2ViewController.swift in Sources */,
				60A20D13221E829800DB2193 /* GKBaseListViewController.swift in Sources */,
				60A20D562226611300DB2193 /* GKMainRefreshViewController.swift in Sources */,
				600891D822A4FD9A002A6D52 /* GKHeaderScrollViewController.swift in Sources */,
				60A20D1D221E928B00DB2193 /* GKWBPageViewController.swift in Sources */,
			);
			runOnlyForDeploymentPostprocessing = 0;
		};
		60A20C37221E77A800DB2193 /* Sources */ = {
			isa = PBXSourcesBuildPhase;
			buildActionMask = 2147483647;
			files = (
			);
			runOnlyForDeploymentPostprocessing = 0;
		};
		60A20C42221E77A800DB2193 /* Sources */ = {
			isa = PBXSourcesBuildPhase;
			buildActionMask = 2147483647;
			files = (
			);
			runOnlyForDeploymentPostprocessing = 0;
		};
		796AB5ED2443326F00C724D4 /* Sources */ = {
			isa = PBXSourcesBuildPhase;
			buildActionMask = 2147483647;
			files = (
			);
			runOnlyForDeploymentPostprocessing = 0;
		};
		796AB5F52443326F00C724D4 /* Sources */ = {
			isa = PBXSourcesBuildPhase;
			buildActionMask = 2147483647;
			files = (
			);
			runOnlyForDeploymentPostprocessing = 0;
		};
/* End PBXSourcesBuildPhase section */

/* Begin PBXTargetDependency section */
		60A20C3D221E77A800DB2193 /* PBXTargetDependency */ = {
			isa = PBXTargetDependency;
			target = 60A20C26221E77A700DB2193 /* GKPageScrollViewSwift */;
			targetProxy = 60A20C3C221E77A800DB2193 /* PBXContainerItemProxy */;
		};
		60A20C48221E77A800DB2193 /* PBXTargetDependency */ = {
			isa = PBXTargetDependency;
			target = 60A20C26221E77A700DB2193 /* GKPageScrollViewSwift */;
			targetProxy = 60A20C47221E77A800DB2193 /* PBXContainerItemProxy */;
		};
		796AB5FC2443326F00C724D4 /* PBXTargetDependency */ = {
			isa = PBXTargetDependency;
			target = 796AB5F02443326F00C724D4 /* GKPageScrollView */;
			targetProxy = 796AB5FB2443326F00C724D4 /* PBXContainerItemProxy */;
		};
		796AB5FE2443326F00C724D4 /* PBXTargetDependency */ = {
			isa = PBXTargetDependency;
			target = 60A20C26221E77A700DB2193 /* GKPageScrollViewSwift */;
			targetProxy = 796AB5FD2443326F00C724D4 /* PBXContainerItemProxy */;
		};
		796AB6052443326F00C724D4 /* PBXTargetDependency */ = {
			isa = PBXTargetDependency;
			target = 796AB5F02443326F00C724D4 /* GKPageScrollView */;
			targetProxy = 796AB6042443326F00C724D4 /* PBXContainerItemProxy */;
		};
/* End PBXTargetDependency section */

/* Begin PBXVariantGroup section */
		60A20C2E221E77A700DB2193 /* Main.storyboard */ = {
			isa = PBXVariantGroup;
			children = (
				60A20C2F221E77A700DB2193 /* Base */,
			);
			name = Main.storyboard;
			sourceTree = "<group>";
		};
		60A20C33221E77A800DB2193 /* LaunchScreen.storyboard */ = {
			isa = PBXVariantGroup;
			children = (
				60A20C34221E77A800DB2193 /* Base */,
			);
			name = LaunchScreen.storyboard;
			sourceTree = "<group>";
		};
/* End PBXVariantGroup section */

/* Begin XCBuildConfiguration section */
		60A20C4D221E77A800DB2193 /* Debug */ = {
			isa = XCBuildConfiguration;
			buildSettings = {
				ALWAYS_SEARCH_USER_PATHS = NO;
				CLANG_ANALYZER_NONNULL = YES;
				CLANG_ANALYZER_NUMBER_OBJECT_CONVERSION = YES_AGGRESSIVE;
				CLANG_CXX_LANGUAGE_STANDARD = "gnu++14";
				CLANG_CXX_LIBRARY = "libc++";
				CLANG_ENABLE_MODULES = YES;
				CLANG_ENABLE_OBJC_ARC = YES;
				CLANG_ENABLE_OBJC_WEAK = YES;
				CLANG_WARN_BLOCK_CAPTURE_AUTORELEASING = YES;
				CLANG_WARN_BOOL_CONVERSION = YES;
				CLANG_WARN_COMMA = YES;
				CLANG_WARN_CONSTANT_CONVERSION = YES;
				CLANG_WARN_DEPRECATED_OBJC_IMPLEMENTATIONS = YES;
				CLANG_WARN_DIRECT_OBJC_ISA_USAGE = YES_ERROR;
				CLANG_WARN_DOCUMENTATION_COMMENTS = YES;
				CLANG_WARN_EMPTY_BODY = YES;
				CLANG_WARN_ENUM_CONVERSION = YES;
				CLANG_WARN_INFINITE_RECURSION = YES;
				CLANG_WARN_INT_CONVERSION = YES;
				CLANG_WARN_NON_LITERAL_NULL_CONVERSION = YES;
				CLANG_WARN_OBJC_IMPLICIT_RETAIN_SELF = YES;
				CLANG_WARN_OBJC_LITERAL_CONVERSION = YES;
				CLANG_WARN_OBJC_ROOT_CLASS = YES_ERROR;
				CLANG_WARN_RANGE_LOOP_ANALYSIS = YES;
				CLANG_WARN_STRICT_PROTOTYPES = YES;
				CLANG_WARN_SUSPICIOUS_MOVE = YES;
				CLANG_WARN_UNGUARDED_AVAILABILITY = YES_AGGRESSIVE;
				CLANG_WARN_UNREACHABLE_CODE = YES;
				CLANG_WARN__DUPLICATE_METHOD_MATCH = YES;
				CODE_SIGN_IDENTITY = "iPhone Developer";
				COPY_PHASE_STRIP = NO;
				DEBUG_INFORMATION_FORMAT = dwarf;
				ENABLE_STRICT_OBJC_MSGSEND = YES;
				ENABLE_TESTABILITY = YES;
				GCC_C_LANGUAGE_STANDARD = gnu11;
				GCC_DYNAMIC_NO_PIC = NO;
				GCC_NO_COMMON_BLOCKS = YES;
				GCC_OPTIMIZATION_LEVEL = 0;
				GCC_PREPROCESSOR_DEFINITIONS = (
					"DEBUG=1",
					"$(inherited)",
				);
				GCC_WARN_64_TO_32_BIT_CONVERSION = YES;
				GCC_WARN_ABOUT_RETURN_TYPE = YES_ERROR;
				GCC_WARN_UNDECLARED_SELECTOR = YES;
				GCC_WARN_UNINITIALIZED_AUTOS = YES_AGGRESSIVE;
				GCC_WARN_UNUSED_FUNCTION = YES;
				GCC_WARN_UNUSED_VARIABLE = YES;
				IPHONEOS_DEPLOYMENT_TARGET = 12.1;
				MTL_ENABLE_DEBUG_INFO = INCLUDE_SOURCE;
				MTL_FAST_MATH = YES;
				ONLY_ACTIVE_ARCH = YES;
				SDKROOT = iphoneos;
				SWIFT_ACTIVE_COMPILATION_CONDITIONS = DEBUG;
				SWIFT_OPTIMIZATION_LEVEL = "-Onone";
			};
			name = Debug;
		};
		60A20C4E221E77A800DB2193 /* Release */ = {
			isa = XCBuildConfiguration;
			buildSettings = {
				ALWAYS_SEARCH_USER_PATHS = NO;
				CLANG_ANALYZER_NONNULL = YES;
				CLANG_ANALYZER_NUMBER_OBJECT_CONVERSION = YES_AGGRESSIVE;
				CLANG_CXX_LANGUAGE_STANDARD = "gnu++14";
				CLANG_CXX_LIBRARY = "libc++";
				CLANG_ENABLE_MODULES = YES;
				CLANG_ENABLE_OBJC_ARC = YES;
				CLANG_ENABLE_OBJC_WEAK = YES;
				CLANG_WARN_BLOCK_CAPTURE_AUTORELEASING = YES;
				CLANG_WARN_BOOL_CONVERSION = YES;
				CLANG_WARN_COMMA = YES;
				CLANG_WARN_CONSTANT_CONVERSION = YES;
				CLANG_WARN_DEPRECATED_OBJC_IMPLEMENTATIONS = YES;
				CLANG_WARN_DIRECT_OBJC_ISA_USAGE = YES_ERROR;
				CLANG_WARN_DOCUMENTATION_COMMENTS = YES;
				CLANG_WARN_EMPTY_BODY = YES;
				CLANG_WARN_ENUM_CONVERSION = YES;
				CLANG_WARN_INFINITE_RECURSION = YES;
				CLANG_WARN_INT_CONVERSION = YES;
				CLANG_WARN_NON_LITERAL_NULL_CONVERSION = YES;
				CLANG_WARN_OBJC_IMPLICIT_RETAIN_SELF = YES;
				CLANG_WARN_OBJC_LITERAL_CONVERSION = YES;
				CLANG_WARN_OBJC_ROOT_CLASS = YES_ERROR;
				CLANG_WARN_RANGE_LOOP_ANALYSIS = YES;
				CLANG_WARN_STRICT_PROTOTYPES = YES;
				CLANG_WARN_SUSPICIOUS_MOVE = YES;
				CLANG_WARN_UNGUARDED_AVAILABILITY = YES_AGGRESSIVE;
				CLANG_WARN_UNREACHABLE_CODE = YES;
				CLANG_WARN__DUPLICATE_METHOD_MATCH = YES;
				CODE_SIGN_IDENTITY = "iPhone Developer";
				COPY_PHASE_STRIP = NO;
				DEBUG_INFORMATION_FORMAT = "dwarf-with-dsym";
				ENABLE_NS_ASSERTIONS = NO;
				ENABLE_STRICT_OBJC_MSGSEND = YES;
				GCC_C_LANGUAGE_STANDARD = gnu11;
				GCC_NO_COMMON_BLOCKS = YES;
				GCC_WARN_64_TO_32_BIT_CONVERSION = YES;
				GCC_WARN_ABOUT_RETURN_TYPE = YES_ERROR;
				GCC_WARN_UNDECLARED_SELECTOR = YES;
				GCC_WARN_UNINITIALIZED_AUTOS = YES_AGGRESSIVE;
				GCC_WARN_UNUSED_FUNCTION = YES;
				GCC_WARN_UNUSED_VARIABLE = YES;
				IPHONEOS_DEPLOYMENT_TARGET = 12.1;
				MTL_ENABLE_DEBUG_INFO = NO;
				MTL_FAST_MATH = YES;
				SDKROOT = iphoneos;
				SWIFT_COMPILATION_MODE = wholemodule;
				SWIFT_OPTIMIZATION_LEVEL = "-O";
				VALIDATE_PRODUCT = YES;
			};
			name = Release;
		};
		60A20C50221E77A800DB2193 /* Debug */ = {
			isa = XCBuildConfiguration;
			baseConfigurationReference = F94C926241763436B8AA17A8 /* Pods-GKPageScrollViewSwift.debug.xcconfig */;
			buildSettings = {
				ASSETCATALOG_COMPILER_APPICON_NAME = AppIcon;
				CLANG_ENABLE_MODULES = YES;
				CODE_SIGN_IDENTITY = "Apple Development: xinjun zhang (DNJGV7XB9Q)";
				CODE_SIGN_STYLE = Manual;
				DEVELOPMENT_TEAM = X52753HQNM;
				GCC_PREFIX_HEADER = "";
				INFOPLIST_FILE = GKPageScrollViewSwift/Info.plist;
				IPHONEOS_DEPLOYMENT_TARGET = 9.0;
				LD_RUNPATH_SEARCH_PATHS = (
					"$(inherited)",
					"@executable_path/Frameworks",
				);
				PRODUCT_BUNDLE_IDENTIFIER = com.test.pageScrollSwift;
				PRODUCT_NAME = "$(TARGET_NAME)";
				PROVISIONING_PROFILE_SPECIFIER = aystfm_dev_test;
				SWIFT_OBJC_BRIDGING_HEADER = "GKPageScrollViewSwift/GKPageScrollViewSwift-Bridging-Header.h";
				SWIFT_OPTIMIZATION_LEVEL = "-Onone";
				SWIFT_VERSION = 5.0;
				TARGETED_DEVICE_FAMILY = "1,2";
				USER_HEADER_SEARCH_PATHS = "$(SRCROOT)/**";
			};
			name = Debug;
		};
		60A20C51221E77A800DB2193 /* Release */ = {
			isa = XCBuildConfiguration;
			baseConfigurationReference = 490C3794BF2506265BE4F750 /* Pods-GKPageScrollViewSwift.release.xcconfig */;
			buildSettings = {
				ASSETCATALOG_COMPILER_APPICON_NAME = AppIcon;
				CLANG_ENABLE_MODULES = YES;
				CODE_SIGN_IDENTITY = "Apple Development: xinjun zhang (DNJGV7XB9Q)";
				CODE_SIGN_STYLE = Manual;
				DEVELOPMENT_TEAM = X52753HQNM;
				GCC_PREFIX_HEADER = "";
				INFOPLIST_FILE = GKPageScrollViewSwift/Info.plist;
				IPHONEOS_DEPLOYMENT_TARGET = 9.0;
				LD_RUNPATH_SEARCH_PATHS = (
					"$(inherited)",
					"@executable_path/Frameworks",
				);
				PRODUCT_BUNDLE_IDENTIFIER = com.test.pageScrollSwift;
				PRODUCT_NAME = "$(TARGET_NAME)";
				PROVISIONING_PROFILE_SPECIFIER = aystfm_dev_test;
				SWIFT_OBJC_BRIDGING_HEADER = "GKPageScrollViewSwift/GKPageScrollViewSwift-Bridging-Header.h";
				SWIFT_VERSION = 5.0;
				TARGETED_DEVICE_FAMILY = "1,2";
				USER_HEADER_SEARCH_PATHS = "$(SRCROOT)/**";
			};
			name = Release;
		};
		60A20C53221E77A800DB2193 /* Debug */ = {
			isa = XCBuildConfiguration;
			buildSettings = {
				ALWAYS_EMBED_SWIFT_STANDARD_LIBRARIES = YES;
				BUNDLE_LOADER = "$(TEST_HOST)";
				CODE_SIGN_STYLE = Automatic;
				INFOPLIST_FILE = GKPageScrollViewSwiftTests/Info.plist;
				LD_RUNPATH_SEARCH_PATHS = (
					"$(inherited)",
					"@executable_path/Frameworks",
					"@loader_path/Frameworks",
				);
				PRODUCT_BUNDLE_IDENTIFIER = com.aiyinsitanfm.GKPageScrollViewSwiftTests;
				PRODUCT_NAME = "$(TARGET_NAME)";
				SWIFT_VERSION = 5.0;
				TARGETED_DEVICE_FAMILY = "1,2";
				TEST_HOST = "$(BUILT_PRODUCTS_DIR)/GKPageScrollViewSwift.app/GKPageScrollViewSwift";
			};
			name = Debug;
		};
		60A20C54221E77A800DB2193 /* Release */ = {
			isa = XCBuildConfiguration;
			buildSettings = {
				ALWAYS_EMBED_SWIFT_STANDARD_LIBRARIES = YES;
				BUNDLE_LOADER = "$(TEST_HOST)";
				CODE_SIGN_STYLE = Automatic;
				INFOPLIST_FILE = GKPageScrollViewSwiftTests/Info.plist;
				LD_RUNPATH_SEARCH_PATHS = (
					"$(inherited)",
					"@executable_path/Frameworks",
					"@loader_path/Frameworks",
				);
				PRODUCT_BUNDLE_IDENTIFIER = com.aiyinsitanfm.GKPageScrollViewSwiftTests;
				PRODUCT_NAME = "$(TARGET_NAME)";
				SWIFT_VERSION = 5.0;
				TARGETED_DEVICE_FAMILY = "1,2";
				TEST_HOST = "$(BUILT_PRODUCTS_DIR)/GKPageScrollViewSwift.app/GKPageScrollViewSwift";
			};
			name = Release;
		};
		60A20C56221E77A800DB2193 /* Debug */ = {
			isa = XCBuildConfiguration;
			buildSettings = {
				ALWAYS_EMBED_SWIFT_STANDARD_LIBRARIES = YES;
				CODE_SIGN_STYLE = Automatic;
				INFOPLIST_FILE = GKPageScrollViewSwiftUITests/Info.plist;
				LD_RUNPATH_SEARCH_PATHS = (
					"$(inherited)",
					"@executable_path/Frameworks",
					"@loader_path/Frameworks",
				);
				PRODUCT_BUNDLE_IDENTIFIER = com.aiyinsitanfm.GKPageScrollViewSwiftUITests;
				PRODUCT_NAME = "$(TARGET_NAME)";
				SWIFT_VERSION = 5.0;
				TARGETED_DEVICE_FAMILY = "1,2";
				TEST_TARGET_NAME = GKPageScrollViewSwift;
			};
			name = Debug;
		};
		60A20C57221E77A800DB2193 /* Release */ = {
			isa = XCBuildConfiguration;
			buildSettings = {
				ALWAYS_EMBED_SWIFT_STANDARD_LIBRARIES = YES;
				CODE_SIGN_STYLE = Automatic;
				INFOPLIST_FILE = GKPageScrollViewSwiftUITests/Info.plist;
				LD_RUNPATH_SEARCH_PATHS = (
					"$(inherited)",
					"@executable_path/Frameworks",
					"@loader_path/Frameworks",
				);
				PRODUCT_BUNDLE_IDENTIFIER = com.aiyinsitanfm.GKPageScrollViewSwiftUITests;
				PRODUCT_NAME = "$(TARGET_NAME)";
				SWIFT_VERSION = 5.0;
				TARGETED_DEVICE_FAMILY = "1,2";
				TEST_TARGET_NAME = GKPageScrollViewSwift;
			};
			name = Release;
		};
		796AB6092443326F00C724D4 /* Debug */ = {
			isa = XCBuildConfiguration;
			buildSettings = {
				CODE_SIGN_IDENTITY = "iPhone Developer: xinjun zhang (DNJGV7XB9Q)";
				CODE_SIGN_STYLE = Automatic;
				CURRENT_PROJECT_VERSION = 1;
				DEFINES_MODULE = YES;
				DEVELOPMENT_TEAM = X52753HQNM;
				DYLIB_COMPATIBILITY_VERSION = 1;
				DYLIB_CURRENT_VERSION = 1;
				DYLIB_INSTALL_NAME_BASE = "@rpath";
				INFOPLIST_FILE = GKPageScrollView/Info.plist;
				INSTALL_PATH = "$(LOCAL_LIBRARY_DIR)/Frameworks";
				IPHONEOS_DEPLOYMENT_TARGET = 13.4;
				LD_RUNPATH_SEARCH_PATHS = (
					"$(inherited)",
					"@executable_path/Frameworks",
					"@loader_path/Frameworks",
				);
				PRODUCT_BUNDLE_IDENTIFIER = com.test.gknavigationbarswift.GKPageScrollView;
				PRODUCT_NAME = "$(TARGET_NAME:c99extidentifier)";
				SKIP_INSTALL = YES;
				SWIFT_VERSION = 5.0;
				TARGETED_DEVICE_FAMILY = "1,2";
				VERSIONING_SYSTEM = "apple-generic";
				VERSION_INFO_PREFIX = "";
			};
			name = Debug;
		};
		796AB60A2443326F00C724D4 /* Release */ = {
			isa = XCBuildConfiguration;
			buildSettings = {
				CODE_SIGN_IDENTITY = "iPhone Developer: xinjun zhang (DNJGV7XB9Q)";
				CODE_SIGN_STYLE = Automatic;
				CURRENT_PROJECT_VERSION = 1;
				DEFINES_MODULE = YES;
				DEVELOPMENT_TEAM = X52753HQNM;
				DYLIB_COMPATIBILITY_VERSION = 1;
				DYLIB_CURRENT_VERSION = 1;
				DYLIB_INSTALL_NAME_BASE = "@rpath";
				INFOPLIST_FILE = GKPageScrollView/Info.plist;
				INSTALL_PATH = "$(LOCAL_LIBRARY_DIR)/Frameworks";
				IPHONEOS_DEPLOYMENT_TARGET = 13.4;
				LD_RUNPATH_SEARCH_PATHS = (
					"$(inherited)",
					"@executable_path/Frameworks",
					"@loader_path/Frameworks",
				);
				PRODUCT_BUNDLE_IDENTIFIER = com.test.gknavigationbarswift.GKPageScrollView;
				PRODUCT_NAME = "$(TARGET_NAME:c99extidentifier)";
				SKIP_INSTALL = YES;
				SWIFT_VERSION = 5.0;
				TARGETED_DEVICE_FAMILY = "1,2";
				VERSIONING_SYSTEM = "apple-generic";
				VERSION_INFO_PREFIX = "";
			};
			name = Release;
		};
		796AB60D2443326F00C724D4 /* Debug */ = {
			isa = XCBuildConfiguration;
			buildSettings = {
				ALWAYS_EMBED_SWIFT_STANDARD_LIBRARIES = YES;
				CODE_SIGN_STYLE = Automatic;
				INFOPLIST_FILE = GKPageScrollViewTests/Info.plist;
				IPHONEOS_DEPLOYMENT_TARGET = 13.4;
				LD_RUNPATH_SEARCH_PATHS = (
					"$(inherited)",
					"@executable_path/Frameworks",
					"@loader_path/Frameworks",
				);
				PRODUCT_BUNDLE_IDENTIFIER = com.test.gknavigationbarswift.GKPageScrollViewTests;
				PRODUCT_NAME = "$(TARGET_NAME)";
				SWIFT_VERSION = 5.0;
				TARGETED_DEVICE_FAMILY = "1,2";
				TEST_HOST = "$(BUILT_PRODUCTS_DIR)/GKPageScrollViewSwift.app/GKPageScrollViewSwift";
			};
			name = Debug;
		};
		796AB60E2443326F00C724D4 /* Release */ = {
			isa = XCBuildConfiguration;
			buildSettings = {
				ALWAYS_EMBED_SWIFT_STANDARD_LIBRARIES = YES;
				CODE_SIGN_STYLE = Automatic;
				INFOPLIST_FILE = GKPageScrollViewTests/Info.plist;
				IPHONEOS_DEPLOYMENT_TARGET = 13.4;
				LD_RUNPATH_SEARCH_PATHS = (
					"$(inherited)",
					"@executable_path/Frameworks",
					"@loader_path/Frameworks",
				);
				PRODUCT_BUNDLE_IDENTIFIER = com.test.gknavigationbarswift.GKPageScrollViewTests;
				PRODUCT_NAME = "$(TARGET_NAME)";
				SWIFT_VERSION = 5.0;
				TARGETED_DEVICE_FAMILY = "1,2";
				TEST_HOST = "$(BUILT_PRODUCTS_DIR)/GKPageScrollViewSwift.app/GKPageScrollViewSwift";
			};
			name = Release;
		};
/* End XCBuildConfiguration section */

/* Begin XCConfigurationList section */
		60A20C22221E77A700DB2193 /* Build configuration list for PBXProject "GKPageScrollViewSwift" */ = {
			isa = XCConfigurationList;
			buildConfigurations = (
				60A20C4D221E77A800DB2193 /* Debug */,
				60A20C4E221E77A800DB2193 /* Release */,
			);
			defaultConfigurationIsVisible = 0;
			defaultConfigurationName = Release;
		};
		60A20C4F221E77A800DB2193 /* Build configuration list for PBXNativeTarget "GKPageScrollViewSwift" */ = {
			isa = XCConfigurationList;
			buildConfigurations = (
				60A20C50221E77A800DB2193 /* Debug */,
				60A20C51221E77A800DB2193 /* Release */,
			);
			defaultConfigurationIsVisible = 0;
			defaultConfigurationName = Release;
		};
		60A20C52221E77A800DB2193 /* Build configuration list for PBXNativeTarget "GKPageScrollViewSwiftTests" */ = {
			isa = XCConfigurationList;
			buildConfigurations = (
				60A20C53221E77A800DB2193 /* Debug */,
				60A20C54221E77A800DB2193 /* Release */,
			);
			defaultConfigurationIsVisible = 0;
			defaultConfigurationName = Release;
		};
		60A20C55221E77A800DB2193 /* Build configuration list for PBXNativeTarget "GKPageScrollViewSwiftUITests" */ = {
			isa = XCConfigurationList;
			buildConfigurations = (
				60A20C56221E77A800DB2193 /* Debug */,
				60A20C57221E77A800DB2193 /* Release */,
			);
			defaultConfigurationIsVisible = 0;
			defaultConfigurationName = Release;
		};
		796AB6082443326F00C724D4 /* Build configuration list for PBXNativeTarget "GKPageScrollView" */ = {
			isa = XCConfigurationList;
			buildConfigurations = (
				796AB6092443326F00C724D4 /* Debug */,
				796AB60A2443326F00C724D4 /* Release */,
			);
			defaultConfigurationIsVisible = 0;
			defaultConfigurationName = Release;
		};
		796AB60C2443326F00C724D4 /* Build configuration list for PBXNativeTarget "GKPageScrollViewTests" */ = {
			isa = XCConfigurationList;
			buildConfigurations = (
				796AB60D2443326F00C724D4 /* Debug */,
				796AB60E2443326F00C724D4 /* Release */,
			);
			defaultConfigurationIsVisible = 0;
			defaultConfigurationName = Release;
		};
/* End XCConfigurationList section */
	};
	rootObject = 60A20C1F221E77A700DB2193 /* Project object */;
}
